// !$*UTF8*$!
{
	archiveVersion = 1;
	classes = {
	};
	objectVersion = 46;
	objects = {

/* Begin PBXBuildFile section */
		1811B0721F628ACD00099781 /* Main.storyboard in Resources */ = {isa = PBXBuildFile; fileRef = 1811B0701F628ACD00099781 /* Main.storyboard */; };
		1811B0741F628ACD00099781 /* Assets.xcassets in Resources */ = {isa = PBXBuildFile; fileRef = 1811B0731F628ACD00099781 /* Assets.xcassets */; };
		1811B0771F628ACD00099781 /* LaunchScreen.storyboard in Resources */ = {isa = PBXBuildFile; fileRef = 1811B0751F628ACD00099781 /* LaunchScreen.storyboard */; };
		1811B0971F629C8B00099781 /* AppDelegate.m in Sources */ = {isa = PBXBuildFile; fileRef = 1811B0911F629C8B00099781 /* AppDelegate.m */; };
		1811B0981F629C8B00099781 /* main.m in Sources */ = {isa = PBXBuildFile; fileRef = 1811B0921F629C8B00099781 /* main.m */; };
		1811B09B1F629E3900099781 /* EssenseViewController.m in Sources */ = {isa = PBXBuildFile; fileRef = 1811B09A1F629E3900099781 /* EssenseViewController.m */; };
		1811B09E1F629EAB00099781 /* FriendTrendsViewController.m in Sources */ = {isa = PBXBuildFile; fileRef = 1811B09D1F629EAB00099781 /* FriendTrendsViewController.m */; };
		1811B0A11F629EBA00099781 /* MeTableViewController.m in Sources */ = {isa = PBXBuildFile; fileRef = 1811B0A01F629EBA00099781 /* MeTableViewController.m */; };
		1811B0A41F629ECB00099781 /* NewViewController.m in Sources */ = {isa = PBXBuildFile; fileRef = 1811B0A31F629ECB00099781 /* NewViewController.m */; };
		1811B0A71F629ED400099781 /* PublishViewController.m in Sources */ = {isa = PBXBuildFile; fileRef = 1811B0A61F629ED400099781 /* PublishViewController.m */; };
		1811B0AE1F62AA4700099781 /* TabBarController.m in Sources */ = {isa = PBXBuildFile; fileRef = 1811B0AD1F62AA4700099781 /* TabBarController.m */; };
		1811B0B21F62AF5E00099781 /* UIImage+Image.m in Sources */ = {isa = PBXBuildFile; fileRef = 1811B0B11F62AF5E00099781 /* UIImage+Image.m */; };
		1811B0B51F62E00800099781 /* TabBar.m in Sources */ = {isa = PBXBuildFile; fileRef = 1811B0B41F62E00800099781 /* TabBar.m */; };
		1811B0B81F6381F600099781 /* UIView+Frame.m in Sources */ = {isa = PBXBuildFile; fileRef = 1811B0B71F6381F600099781 /* UIView+Frame.m */; };
		1811B0BC1F63936800099781 /* UIBarButtonItem+Item.m in Sources */ = {isa = PBXBuildFile; fileRef = 1811B0BB1F63936800099781 /* UIBarButtonItem+Item.m */; };
		1811B0BF1F639B0000099781 /* WYNavigationController.m in Sources */ = {isa = PBXBuildFile; fileRef = 1811B0BE1F639B0000099781 /* WYNavigationController.m */; };
		1811B0C61F639DAA00099781 /* SettingTableViewController.m in Sources */ = {isa = PBXBuildFile; fileRef = 1811B0C51F639DAA00099781 /* SettingTableViewController.m */; };
		1885A3DE1F63F74B00FF08DD /* LaunchImage-568h@2x.png in Resources */ = {isa = PBXBuildFile; fileRef = 1885A3D71F63F74B00FF08DD /* LaunchImage-568h@2x.png */; };
		1885A3DF1F63F74B00FF08DD /* LaunchImage-700-568h@2x.png in Resources */ = {isa = PBXBuildFile; fileRef = 1885A3D81F63F74B00FF08DD /* LaunchImage-700-568h@2x.png */; };
		1885A3E01F63F74B00FF08DD /* LaunchImage-700@2x.png in Resources */ = {isa = PBXBuildFile; fileRef = 1885A3D91F63F74B00FF08DD /* LaunchImage-700@2x.png */; };
		1885A3E11F63F74B00FF08DD /* LaunchImage-800-667h@2x.png in Resources */ = {isa = PBXBuildFile; fileRef = 1885A3DA1F63F74B00FF08DD /* LaunchImage-800-667h@2x.png */; };
		1885A3E21F63F74B00FF08DD /* LaunchImage-800-Portrait-736h@3x.png in Resources */ = {isa = PBXBuildFile; fileRef = 1885A3DB1F63F74B00FF08DD /* LaunchImage-800-Portrait-736h@3x.png */; };
		1885A3E31F63F74B00FF08DD /* LaunchImage.png in Resources */ = {isa = PBXBuildFile; fileRef = 1885A3DC1F63F74B00FF08DD /* LaunchImage.png */; };
		1885A3E41F63F74B00FF08DD /* LaunchImage@2x.png in Resources */ = {isa = PBXBuildFile; fileRef = 1885A3DD1F63F74B00FF08DD /* LaunchImage@2x.png */; };
		1885A3F11F63F7A100FF08DD /* AdViewController.m in Sources */ = {isa = PBXBuildFile; fileRef = 1885A3EF1F63F7A100FF08DD /* AdViewController.m */; };
		1885A3F21F63F7A100FF08DD /* AdViewController.xib in Resources */ = {isa = PBXBuildFile; fileRef = 1885A3F01F63F7A100FF08DD /* AdViewController.xib */; };
		1885A3F51F63FD5C00FF08DD /* AdItem.m in Sources */ = {isa = PBXBuildFile; fileRef = 1885A3F41F63FD5C00FF08DD /* AdItem.m */; };
		1885A3F81F6411C900FF08DD /* SubTagTableViewController.m in Sources */ = {isa = PBXBuildFile; fileRef = 1885A3F71F6411C900FF08DD /* SubTagTableViewController.m */; };
		1885A3FB1F64131100FF08DD /* SubTagItem.m in Sources */ = {isa = PBXBuildFile; fileRef = 1885A3FA1F64131100FF08DD /* SubTagItem.m */; };
		1885A3FF1F64174800FF08DD /* SubTagCell.m in Sources */ = {isa = PBXBuildFile; fileRef = 1885A3FD1F64174800FF08DD /* SubTagCell.m */; };
		1885A4001F64174800FF08DD /* SubTagCell.xib in Resources */ = {isa = PBXBuildFile; fileRef = 1885A3FE1F64174800FF08DD /* SubTagCell.xib */; };
		1885A4021F643E0000FF08DD /* FriendTrendsViewController.xib in Resources */ = {isa = PBXBuildFile; fileRef = 1885A4011F643E0000FF08DD /* FriendTrendsViewController.xib */; };
		1885A40A1F64EACB00FF08DD /* LoginViewController.m in Sources */ = {isa = PBXBuildFile; fileRef = 1885A4081F64EACB00FF08DD /* LoginViewController.m */; };
		1885A40B1F64EACB00FF08DD /* LoginViewController.xib in Resources */ = {isa = PBXBuildFile; fileRef = 1885A4091F64EACB00FF08DD /* LoginViewController.xib */; };
		1885A40E1F64F31700FF08DD /* LoginView.m in Sources */ = {isa = PBXBuildFile; fileRef = 1885A40D1F64F31700FF08DD /* LoginView.m */; };
		1885A4101F64F32700FF08DD /* LoginView.xib in Resources */ = {isa = PBXBuildFile; fileRef = 1885A40F1F64F32700FF08DD /* LoginView.xib */; };
		1885A4131F652FFE00FF08DD /* FastLoginView.m in Sources */ = {isa = PBXBuildFile; fileRef = 1885A4121F652FFE00FF08DD /* FastLoginView.m */; };
		1885A4151F65301D00FF08DD /* FastLoginView.xib in Resources */ = {isa = PBXBuildFile; fileRef = 1885A4141F65301D00FF08DD /* FastLoginView.xib */; };
		1885A4181F65361500FF08DD /* FastLoginBtn.m in Sources */ = {isa = PBXBuildFile; fileRef = 1885A4171F65361500FF08DD /* FastLoginBtn.m */; };
		1891DF1F1F6CCDD1008E7037 /* LoginField.m in Sources */ = {isa = PBXBuildFile; fileRef = 1891DF1E1F6CCDD1008E7037 /* LoginField.m */; };
		1891DF221F6CD0E2008E7037 /* UITextField+PlaceHolder.m in Sources */ = {isa = PBXBuildFile; fileRef = 1891DF211F6CD0E2008E7037 /* UITextField+PlaceHolder.m */; };
		1891DF241F6CE588008E7037 /* MeTableViewController.storyboard in Resources */ = {isa = PBXBuildFile; fileRef = 1891DF231F6CE588008E7037 /* MeTableViewController.storyboard */; };
		1891DF281F6CE9E6008E7037 /* MeSquareCell.m in Sources */ = {isa = PBXBuildFile; fileRef = 1891DF261F6CE9E6008E7037 /* MeSquareCell.m */; };
		1891DF291F6CE9E6008E7037 /* MeSquareCell.xib in Resources */ = {isa = PBXBuildFile; fileRef = 1891DF271F6CE9E6008E7037 /* MeSquareCell.xib */; };
		18BED7AC1F6E216800667521 /* MeSquareItem.m in Sources */ = {isa = PBXBuildFile; fileRef = 18BED7AB1F6E216800667521 /* MeSquareItem.m */; };
		18BED7B01F6E472A00667521 /* WebViewController.m in Sources */ = {isa = PBXBuildFile; fileRef = 18BED7AE1F6E472A00667521 /* WebViewController.m */; };
		18BED7B11F6E472A00667521 /* WebViewController.xib in Resources */ = {isa = PBXBuildFile; fileRef = 18BED7AF1F6E472A00667521 /* WebViewController.xib */; };
		18BED7B61F6E9ECB00667521 /* WYFileTool.m in Sources */ = {isa = PBXBuildFile; fileRef = 18BED7B51F6E9ECB00667521 /* WYFileTool.m */; };
		C424A458B279E322ABF42C43 /* Pods_BaiSiBuDeJie_Imitate.framework in Frameworks */ = {isa = PBXBuildFile; fileRef = 9310292C6789B9141A5947B0 /* Pods_BaiSiBuDeJie_Imitate.framework */; };
/* End PBXBuildFile section */

/* Begin PBXFileReference section */
		1811B0641F628ACD00099781 /* BaiSiBuDeJie_Imitate.app */ = {isa = PBXFileReference; explicitFileType = wrapper.application; includeInIndex = 0; path = BaiSiBuDeJie_Imitate.app; sourceTree = BUILT_PRODUCTS_DIR; };
		1811B0711F628ACD00099781 /* Base */ = {isa = PBXFileReference; lastKnownFileType = file.storyboard; name = Base; path = Base.lproj/Main.storyboard; sourceTree = "<group>"; };
		1811B0731F628ACD00099781 /* Assets.xcassets */ = {isa = PBXFileReference; lastKnownFileType = folder.assetcatalog; path = Assets.xcassets; sourceTree = "<group>"; };
		1811B0761F628ACD00099781 /* Base */ = {isa = PBXFileReference; lastKnownFileType = file.storyboard; name = Base; path = Base.lproj/LaunchScreen.storyboard; sourceTree = "<group>"; };
		1811B0781F628ACD00099781 /* Info.plist */ = {isa = PBXFileReference; lastKnownFileType = text.plist.xml; path = Info.plist; sourceTree = "<group>"; };
		1811B0901F629C8B00099781 /* AppDelegate.h */ = {isa = PBXFileReference; fileEncoding = 4; lastKnownFileType = sourcecode.c.h; path = AppDelegate.h; sourceTree = "<group>"; };
		1811B0911F629C8B00099781 /* AppDelegate.m */ = {isa = PBXFileReference; fileEncoding = 4; lastKnownFileType = sourcecode.c.objc; path = AppDelegate.m; sourceTree = "<group>"; };
		1811B0921F629C8B00099781 /* main.m */ = {isa = PBXFileReference; fileEncoding = 4; lastKnownFileType = sourcecode.c.objc; path = main.m; sourceTree = "<group>"; };
		1811B0991F629E3900099781 /* EssenseViewController.h */ = {isa = PBXFileReference; fileEncoding = 4; lastKnownFileType = sourcecode.c.h; path = EssenseViewController.h; sourceTree = "<group>"; };
		1811B09A1F629E3900099781 /* EssenseViewController.m */ = {isa = PBXFileReference; fileEncoding = 4; lastKnownFileType = sourcecode.c.objc; path = EssenseViewController.m; sourceTree = "<group>"; };
		1811B09C1F629EAB00099781 /* FriendTrendsViewController.h */ = {isa = PBXFileReference; fileEncoding = 4; lastKnownFileType = sourcecode.c.h; path = FriendTrendsViewController.h; sourceTree = "<group>"; };
		1811B09D1F629EAB00099781 /* FriendTrendsViewController.m */ = {isa = PBXFileReference; fileEncoding = 4; lastKnownFileType = sourcecode.c.objc; path = FriendTrendsViewController.m; sourceTree = "<group>"; };
		1811B09F1F629EBA00099781 /* MeTableViewController.h */ = {isa = PBXFileReference; fileEncoding = 4; lastKnownFileType = sourcecode.c.h; path = MeTableViewController.h; sourceTree = "<group>"; };
		1811B0A01F629EBA00099781 /* MeTableViewController.m */ = {isa = PBXFileReference; fileEncoding = 4; lastKnownFileType = sourcecode.c.objc; path = MeTableViewController.m; sourceTree = "<group>"; };
		1811B0A21F629ECB00099781 /* NewViewController.h */ = {isa = PBXFileReference; fileEncoding = 4; lastKnownFileType = sourcecode.c.h; path = NewViewController.h; sourceTree = "<group>"; };
		1811B0A31F629ECB00099781 /* NewViewController.m */ = {isa = PBXFileReference; fileEncoding = 4; lastKnownFileType = sourcecode.c.objc; path = NewViewController.m; sourceTree = "<group>"; };
		1811B0A51F629ED400099781 /* PublishViewController.h */ = {isa = PBXFileReference; fileEncoding = 4; lastKnownFileType = sourcecode.c.h; path = PublishViewController.h; sourceTree = "<group>"; };
		1811B0A61F629ED400099781 /* PublishViewController.m */ = {isa = PBXFileReference; fileEncoding = 4; lastKnownFileType = sourcecode.c.objc; path = PublishViewController.m; sourceTree = "<group>"; };
		1811B0AC1F62AA4700099781 /* TabBarController.h */ = {isa = PBXFileReference; fileEncoding = 4; lastKnownFileType = sourcecode.c.h; path = TabBarController.h; sourceTree = "<group>"; };
		1811B0AD1F62AA4700099781 /* TabBarController.m */ = {isa = PBXFileReference; fileEncoding = 4; lastKnownFileType = sourcecode.c.objc; path = TabBarController.m; sourceTree = "<group>"; };
		1811B0B01F62AF5E00099781 /* UIImage+Image.h */ = {isa = PBXFileReference; fileEncoding = 4; lastKnownFileType = sourcecode.c.h; path = "UIImage+Image.h"; sourceTree = "<group>"; };
		1811B0B11F62AF5E00099781 /* UIImage+Image.m */ = {isa = PBXFileReference; fileEncoding = 4; lastKnownFileType = sourcecode.c.objc; path = "UIImage+Image.m"; sourceTree = "<group>"; };
		1811B0B31F62E00800099781 /* TabBar.h */ = {isa = PBXFileReference; fileEncoding = 4; lastKnownFileType = sourcecode.c.h; path = TabBar.h; sourceTree = "<group>"; };
		1811B0B41F62E00800099781 /* TabBar.m */ = {isa = PBXFileReference; fileEncoding = 4; lastKnownFileType = sourcecode.c.objc; path = TabBar.m; sourceTree = "<group>"; };
		1811B0B61F6381F600099781 /* UIView+Frame.h */ = {isa = PBXFileReference; fileEncoding = 4; lastKnownFileType = sourcecode.c.h; path = "UIView+Frame.h"; sourceTree = "<group>"; };
		1811B0B71F6381F600099781 /* UIView+Frame.m */ = {isa = PBXFileReference; fileEncoding = 4; lastKnownFileType = sourcecode.c.objc; path = "UIView+Frame.m"; sourceTree = "<group>"; };
		1811B0B91F63859500099781 /* BaiSiBuDeJie.pch */ = {isa = PBXFileReference; fileEncoding = 4; lastKnownFileType = sourcecode.c.h; path = BaiSiBuDeJie.pch; sourceTree = "<group>"; };
		1811B0BA1F63936800099781 /* UIBarButtonItem+Item.h */ = {isa = PBXFileReference; fileEncoding = 4; lastKnownFileType = sourcecode.c.h; path = "UIBarButtonItem+Item.h"; sourceTree = "<group>"; };
		1811B0BB1F63936800099781 /* UIBarButtonItem+Item.m */ = {isa = PBXFileReference; fileEncoding = 4; lastKnownFileType = sourcecode.c.objc; path = "UIBarButtonItem+Item.m"; sourceTree = "<group>"; };
		1811B0BD1F639B0000099781 /* WYNavigationController.h */ = {isa = PBXFileReference; fileEncoding = 4; lastKnownFileType = sourcecode.c.h; path = WYNavigationController.h; sourceTree = "<group>"; };
		1811B0BE1F639B0000099781 /* WYNavigationController.m */ = {isa = PBXFileReference; fileEncoding = 4; lastKnownFileType = sourcecode.c.objc; path = WYNavigationController.m; sourceTree = "<group>"; };
		1811B0C41F639DAA00099781 /* SettingTableViewController.h */ = {isa = PBXFileReference; fileEncoding = 4; lastKnownFileType = sourcecode.c.h; path = SettingTableViewController.h; sourceTree = "<group>"; };
		1811B0C51F639DAA00099781 /* SettingTableViewController.m */ = {isa = PBXFileReference; fileEncoding = 4; lastKnownFileType = sourcecode.c.objc; path = SettingTableViewController.m; sourceTree = "<group>"; };
		1885A3D71F63F74B00FF08DD /* LaunchImage-568h@2x.png */ = {isa = PBXFileReference; lastKnownFileType = image.png; path = "LaunchImage-568h@2x.png"; sourceTree = "<group>"; };
		1885A3D81F63F74B00FF08DD /* LaunchImage-700-568h@2x.png */ = {isa = PBXFileReference; lastKnownFileType = image.png; path = "LaunchImage-700-568h@2x.png"; sourceTree = "<group>"; };
		1885A3D91F63F74B00FF08DD /* LaunchImage-700@2x.png */ = {isa = PBXFileReference; lastKnownFileType = image.png; path = "LaunchImage-700@2x.png"; sourceTree = "<group>"; };
		1885A3DA1F63F74B00FF08DD /* LaunchImage-800-667h@2x.png */ = {isa = PBXFileReference; lastKnownFileType = image.png; path = "LaunchImage-800-667h@2x.png"; sourceTree = "<group>"; };
		1885A3DB1F63F74B00FF08DD /* LaunchImage-800-Portrait-736h@3x.png */ = {isa = PBXFileReference; lastKnownFileType = image.png; path = "LaunchImage-800-Portrait-736h@3x.png"; sourceTree = "<group>"; };
		1885A3DC1F63F74B00FF08DD /* LaunchImage.png */ = {isa = PBXFileReference; lastKnownFileType = image.png; path = LaunchImage.png; sourceTree = "<group>"; };
		1885A3DD1F63F74B00FF08DD /* LaunchImage@2x.png */ = {isa = PBXFileReference; lastKnownFileType = image.png; path = "LaunchImage@2x.png"; sourceTree = "<group>"; };
		1885A3EE1F63F7A100FF08DD /* AdViewController.h */ = {isa = PBXFileReference; fileEncoding = 4; lastKnownFileType = sourcecode.c.h; path = AdViewController.h; sourceTree = "<group>"; };
		1885A3EF1F63F7A100FF08DD /* AdViewController.m */ = {isa = PBXFileReference; fileEncoding = 4; lastKnownFileType = sourcecode.c.objc; path = AdViewController.m; sourceTree = "<group>"; };
		1885A3F01F63F7A100FF08DD /* AdViewController.xib */ = {isa = PBXFileReference; fileEncoding = 4; lastKnownFileType = file.xib; path = AdViewController.xib; sourceTree = "<group>"; };
		1885A3F31F63FD5C00FF08DD /* AdItem.h */ = {isa = PBXFileReference; fileEncoding = 4; lastKnownFileType = sourcecode.c.h; path = AdItem.h; sourceTree = "<group>"; };
		1885A3F41F63FD5C00FF08DD /* AdItem.m */ = {isa = PBXFileReference; fileEncoding = 4; lastKnownFileType = sourcecode.c.objc; path = AdItem.m; sourceTree = "<group>"; };
		1885A3F61F6411C900FF08DD /* SubTagTableViewController.h */ = {isa = PBXFileReference; fileEncoding = 4; lastKnownFileType = sourcecode.c.h; path = SubTagTableViewController.h; sourceTree = "<group>"; };
		1885A3F71F6411C900FF08DD /* SubTagTableViewController.m */ = {isa = PBXFileReference; fileEncoding = 4; lastKnownFileType = sourcecode.c.objc; path = SubTagTableViewController.m; sourceTree = "<group>"; };
		1885A3F91F64131100FF08DD /* SubTagItem.h */ = {isa = PBXFileReference; fileEncoding = 4; lastKnownFileType = sourcecode.c.h; path = SubTagItem.h; sourceTree = "<group>"; };
		1885A3FA1F64131100FF08DD /* SubTagItem.m */ = {isa = PBXFileReference; fileEncoding = 4; lastKnownFileType = sourcecode.c.objc; path = SubTagItem.m; sourceTree = "<group>"; };
		1885A3FC1F64174800FF08DD /* SubTagCell.h */ = {isa = PBXFileReference; fileEncoding = 4; lastKnownFileType = sourcecode.c.h; path = SubTagCell.h; sourceTree = "<group>"; };
		1885A3FD1F64174800FF08DD /* SubTagCell.m */ = {isa = PBXFileReference; fileEncoding = 4; lastKnownFileType = sourcecode.c.objc; path = SubTagCell.m; sourceTree = "<group>"; };
		1885A3FE1F64174800FF08DD /* SubTagCell.xib */ = {isa = PBXFileReference; fileEncoding = 4; lastKnownFileType = file.xib; path = SubTagCell.xib; sourceTree = "<group>"; };
		1885A4011F643E0000FF08DD /* FriendTrendsViewController.xib */ = {isa = PBXFileReference; fileEncoding = 4; lastKnownFileType = file.xib; path = FriendTrendsViewController.xib; sourceTree = "<group>"; };
		1885A4071F64EACB00FF08DD /* LoginViewController.h */ = {isa = PBXFileReference; fileEncoding = 4; lastKnownFileType = sourcecode.c.h; path = LoginViewController.h; sourceTree = "<group>"; };
		1885A4081F64EACB00FF08DD /* LoginViewController.m */ = {isa = PBXFileReference; fileEncoding = 4; lastKnownFileType = sourcecode.c.objc; path = LoginViewController.m; sourceTree = "<group>"; };
		1885A4091F64EACB00FF08DD /* LoginViewController.xib */ = {isa = PBXFileReference; fileEncoding = 4; lastKnownFileType = file.xib; path = LoginViewController.xib; sourceTree = "<group>"; };
		1885A40C1F64F31700FF08DD /* LoginView.h */ = {isa = PBXFileReference; fileEncoding = 4; lastKnownFileType = sourcecode.c.h; path = LoginView.h; sourceTree = "<group>"; };
		1885A40D1F64F31700FF08DD /* LoginView.m */ = {isa = PBXFileReference; fileEncoding = 4; lastKnownFileType = sourcecode.c.objc; path = LoginView.m; sourceTree = "<group>"; };
		1885A40F1F64F32700FF08DD /* LoginView.xib */ = {isa = PBXFileReference; fileEncoding = 4; lastKnownFileType = file.xib; path = LoginView.xib; sourceTree = "<group>"; };
		1885A4111F652FFE00FF08DD /* FastLoginView.h */ = {isa = PBXFileReference; fileEncoding = 4; lastKnownFileType = sourcecode.c.h; path = FastLoginView.h; sourceTree = "<group>"; };
		1885A4121F652FFE00FF08DD /* FastLoginView.m */ = {isa = PBXFileReference; fileEncoding = 4; lastKnownFileType = sourcecode.c.objc; path = FastLoginView.m; sourceTree = "<group>"; };
		1885A4141F65301D00FF08DD /* FastLoginView.xib */ = {isa = PBXFileReference; fileEncoding = 4; lastKnownFileType = file.xib; path = FastLoginView.xib; sourceTree = "<group>"; };
		1885A4161F65361500FF08DD /* FastLoginBtn.h */ = {isa = PBXFileReference; fileEncoding = 4; lastKnownFileType = sourcecode.c.h; path = FastLoginBtn.h; sourceTree = "<group>"; };
		1885A4171F65361500FF08DD /* FastLoginBtn.m */ = {isa = PBXFileReference; fileEncoding = 4; lastKnownFileType = sourcecode.c.objc; path = FastLoginBtn.m; sourceTree = "<group>"; };
		1891DF1D1F6CCDD1008E7037 /* LoginField.h */ = {isa = PBXFileReference; fileEncoding = 4; lastKnownFileType = sourcecode.c.h; path = LoginField.h; sourceTree = "<group>"; };
		1891DF1E1F6CCDD1008E7037 /* LoginField.m */ = {isa = PBXFileReference; fileEncoding = 4; lastKnownFileType = sourcecode.c.objc; path = LoginField.m; sourceTree = "<group>"; };
		1891DF201F6CD0E2008E7037 /* UITextField+PlaceHolder.h */ = {isa = PBXFileReference; fileEncoding = 4; lastKnownFileType = sourcecode.c.h; path = "UITextField+PlaceHolder.h"; sourceTree = "<group>"; };
		1891DF211F6CD0E2008E7037 /* UITextField+PlaceHolder.m */ = {isa = PBXFileReference; fileEncoding = 4; lastKnownFileType = sourcecode.c.objc; path = "UITextField+PlaceHolder.m"; sourceTree = "<group>"; };
		1891DF231F6CE588008E7037 /* MeTableViewController.storyboard */ = {isa = PBXFileReference; fileEncoding = 4; lastKnownFileType = file.storyboard; path = MeTableViewController.storyboard; sourceTree = "<group>"; };
		1891DF251F6CE9E6008E7037 /* MeSquareCell.h */ = {isa = PBXFileReference; fileEncoding = 4; lastKnownFileType = sourcecode.c.h; path = MeSquareCell.h; sourceTree = "<group>"; };
		1891DF261F6CE9E6008E7037 /* MeSquareCell.m */ = {isa = PBXFileReference; fileEncoding = 4; lastKnownFileType = sourcecode.c.objc; path = MeSquareCell.m; sourceTree = "<group>"; };
		1891DF271F6CE9E6008E7037 /* MeSquareCell.xib */ = {isa = PBXFileReference; fileEncoding = 4; lastKnownFileType = file.xib; path = MeSquareCell.xib; sourceTree = "<group>"; };
		18BED7AA1F6E216800667521 /* MeSquareItem.h */ = {isa = PBXFileReference; fileEncoding = 4; lastKnownFileType = sourcecode.c.h; path = MeSquareItem.h; sourceTree = "<group>"; };
		18BED7AB1F6E216800667521 /* MeSquareItem.m */ = {isa = PBXFileReference; fileEncoding = 4; lastKnownFileType = sourcecode.c.objc; path = MeSquareItem.m; sourceTree = "<group>"; };
		18BED7AD1F6E472A00667521 /* WebViewController.h */ = {isa = PBXFileReference; fileEncoding = 4; lastKnownFileType = sourcecode.c.h; path = WebViewController.h; sourceTree = "<group>"; };
		18BED7AE1F6E472A00667521 /* WebViewController.m */ = {isa = PBXFileReference; fileEncoding = 4; lastKnownFileType = sourcecode.c.objc; path = WebViewController.m; sourceTree = "<group>"; };
		18BED7AF1F6E472A00667521 /* WebViewController.xib */ = {isa = PBXFileReference; fileEncoding = 4; lastKnownFileType = file.xib; path = WebViewController.xib; sourceTree = "<group>"; };
		18BED7B41F6E9ECB00667521 /* WYFileTool.h */ = {isa = PBXFileReference; fileEncoding = 4; lastKnownFileType = sourcecode.c.h; path = WYFileTool.h; sourceTree = "<group>"; };
		18BED7B51F6E9ECB00667521 /* WYFileTool.m */ = {isa = PBXFileReference; fileEncoding = 4; lastKnownFileType = sourcecode.c.objc; path = WYFileTool.m; sourceTree = "<group>"; };
		5A47027BA3CCE790F386CCBE /* Pods-BaiSiBuDeJie_Imitate.release.xcconfig */ = {isa = PBXFileReference; includeInIndex = 1; lastKnownFileType = text.xcconfig; name = "Pods-BaiSiBuDeJie_Imitate.release.xcconfig"; path = "Pods/Target Support Files/Pods-BaiSiBuDeJie_Imitate/Pods-BaiSiBuDeJie_Imitate.release.xcconfig"; sourceTree = "<group>"; };
		9310292C6789B9141A5947B0 /* Pods_BaiSiBuDeJie_Imitate.framework */ = {isa = PBXFileReference; explicitFileType = wrapper.framework; includeInIndex = 0; path = Pods_BaiSiBuDeJie_Imitate.framework; sourceTree = BUILT_PRODUCTS_DIR; };
		B6598B2D6145D0C71708AD61 /* Pods-BaiSiBuDeJie_Imitate.debug.xcconfig */ = {isa = PBXFileReference; includeInIndex = 1; lastKnownFileType = text.xcconfig; name = "Pods-BaiSiBuDeJie_Imitate.debug.xcconfig"; path = "Pods/Target Support Files/Pods-BaiSiBuDeJie_Imitate/Pods-BaiSiBuDeJie_Imitate.debug.xcconfig"; sourceTree = "<group>"; };
/* End PBXFileReference section */

/* Begin PBXFrameworksBuildPhase section */
		1811B0611F628ACD00099781 /* Frameworks */ = {
			isa = PBXFrameworksBuildPhase;
			buildActionMask = 2147483647;
			files = (
				C424A458B279E322ABF42C43 /* Pods_BaiSiBuDeJie_Imitate.framework in Frameworks */,
			);
			runOnlyForDeploymentPostprocessing = 0;
		};
/* End PBXFrameworksBuildPhase section */

/* Begin PBXGroup section */
		1811B05B1F628ACC00099781 = {
			isa = PBXGroup;
			children = (
				1811B0661F628ACD00099781 /* BaiSiBuDeJie_Imitate */,
				1811B0651F628ACD00099781 /* Products */,
				771BD41971F5386C0DA1EB61 /* Pods */,
				B1C844C2A644A030300896A1 /* Frameworks */,
			);
			sourceTree = "<group>";
		};
		1811B0651F628ACD00099781 /* Products */ = {
			isa = PBXGroup;
			children = (
				1811B0641F628ACD00099781 /* BaiSiBuDeJie_Imitate.app */,
			);
			name = Products;
			sourceTree = "<group>";
		};
		1811B0661F628ACD00099781 /* BaiSiBuDeJie_Imitate */ = {
			isa = PBXGroup;
			children = (
				1811B07E1F629C8B00099781 /* Classes */,
				1811B0701F628ACD00099781 /* Main.storyboard */,
				1811B0731F628ACD00099781 /* Assets.xcassets */,
				1811B0751F628ACD00099781 /* LaunchScreen.storyboard */,
				1811B0781F628ACD00099781 /* Info.plist */,
				1811B0671F628ACD00099781 /* Supporting Files */,
			);
			path = BaiSiBuDeJie_Imitate;
			sourceTree = "<group>";
		};
		1811B0671F628ACD00099781 /* Supporting Files */ = {
			isa = PBXGroup;
			children = (
				1885A3D61F63F74B00FF08DD /* 启动图片 */,
			);
			name = "Supporting Files";
			sourceTree = "<group>";
		};
		1811B07E1F629C8B00099781 /* Classes */ = {
			isa = PBXGroup;
			children = (
				18BED7B21F6E64FC00667521 /* Tools */,
				1885A4031F64EAAA00FF08DD /* Login(登陆) */,
				1885A3E51F63F77600FF08DD /* AD(广告) */,
				1811B0C01F639D9600099781 /* Setting(设置) */,
				1811B0A81F62A9EF00099781 /* Main(主要) */,
				1811B08F1F629C8B00099781 /* Other */,
				1811B07F1F629C8B00099781 /* Essense(精华) */,
				1811B0831F629C8B00099781 /* FriendTrends(关注) */,
				1811B0871F629C8B00099781 /* Me(我) */,
				1811B08B1F629C8B00099781 /* New(新帖) */,
				1811B0931F629C8B00099781 /* Publish(发布) */,
			);
			path = Classes;
			sourceTree = "<group>";
		};
		1811B07F1F629C8B00099781 /* Essense(精华) */ = {
			isa = PBXGroup;
			children = (
				1811B0801F629C8B00099781 /* Controller */,
				1811B0811F629C8B00099781 /* Model */,
				1811B0821F629C8B00099781 /* View */,
			);
			path = "Essense(精华)";
			sourceTree = "<group>";
		};
		1811B0801F629C8B00099781 /* Controller */ = {
			isa = PBXGroup;
			children = (
				1811B0991F629E3900099781 /* EssenseViewController.h */,
				1811B09A1F629E3900099781 /* EssenseViewController.m */,
			);
			path = Controller;
			sourceTree = "<group>";
		};
		1811B0811F629C8B00099781 /* Model */ = {
			isa = PBXGroup;
			children = (
			);
			path = Model;
			sourceTree = "<group>";
		};
		1811B0821F629C8B00099781 /* View */ = {
			isa = PBXGroup;
			children = (
			);
			path = View;
			sourceTree = "<group>";
		};
		1811B0831F629C8B00099781 /* FriendTrends(关注) */ = {
			isa = PBXGroup;
			children = (
				1811B0841F629C8B00099781 /* Controller */,
				1811B0851F629C8B00099781 /* Model */,
				1811B0861F629C8B00099781 /* View */,
			);
			path = "FriendTrends(关注)";
			sourceTree = "<group>";
		};
		1811B0841F629C8B00099781 /* Controller */ = {
			isa = PBXGroup;
			children = (
				1811B09C1F629EAB00099781 /* FriendTrendsViewController.h */,
				1811B09D1F629EAB00099781 /* FriendTrendsViewController.m */,
				1885A4011F643E0000FF08DD /* FriendTrendsViewController.xib */,
			);
			path = Controller;
			sourceTree = "<group>";
		};
		1811B0851F629C8B00099781 /* Model */ = {
			isa = PBXGroup;
			children = (
			);
			path = Model;
			sourceTree = "<group>";
		};
		1811B0861F629C8B00099781 /* View */ = {
			isa = PBXGroup;
			children = (
			);
			path = View;
			sourceTree = "<group>";
		};
		1811B0871F629C8B00099781 /* Me(我) */ = {
			isa = PBXGroup;
			children = (
				1811B0881F629C8B00099781 /* Controller */,
				1811B0891F629C8B00099781 /* Model */,
				1811B08A1F629C8B00099781 /* View */,
			);
			path = "Me(我)";
			sourceTree = "<group>";
		};
		1811B0881F629C8B00099781 /* Controller */ = {
			isa = PBXGroup;
			children = (
				1811B09F1F629EBA00099781 /* MeTableViewController.h */,
				1811B0A01F629EBA00099781 /* MeTableViewController.m */,
				1891DF231F6CE588008E7037 /* MeTableViewController.storyboard */,
				18BED7AD1F6E472A00667521 /* WebViewController.h */,
				18BED7AE1F6E472A00667521 /* WebViewController.m */,
				18BED7AF1F6E472A00667521 /* WebViewController.xib */,
			);
			path = Controller;
			sourceTree = "<group>";
		};
		1811B0891F629C8B00099781 /* Model */ = {
			isa = PBXGroup;
			children = (
				18BED7AA1F6E216800667521 /* MeSquareItem.h */,
				18BED7AB1F6E216800667521 /* MeSquareItem.m */,
			);
			path = Model;
			sourceTree = "<group>";
		};
		1811B08A1F629C8B00099781 /* View */ = {
			isa = PBXGroup;
			children = (
				1891DF251F6CE9E6008E7037 /* MeSquareCell.h */,
				1891DF261F6CE9E6008E7037 /* MeSquareCell.m */,
				1891DF271F6CE9E6008E7037 /* MeSquareCell.xib */,
			);
			path = View;
			sourceTree = "<group>";
		};
		1811B08B1F629C8B00099781 /* New(新帖) */ = {
			isa = PBXGroup;
			children = (
				1811B08C1F629C8B00099781 /* Controller */,
				1811B08D1F629C8B00099781 /* Model */,
				1811B08E1F629C8B00099781 /* View */,
			);
			path = "New(新帖)";
			sourceTree = "<group>";
		};
		1811B08C1F629C8B00099781 /* Controller */ = {
			isa = PBXGroup;
			children = (
				1811B0A21F629ECB00099781 /* NewViewController.h */,
				1811B0A31F629ECB00099781 /* NewViewController.m */,
				1885A3F61F6411C900FF08DD /* SubTagTableViewController.h */,
				1885A3F71F6411C900FF08DD /* SubTagTableViewController.m */,
			);
			path = Controller;
			sourceTree = "<group>";
		};
		1811B08D1F629C8B00099781 /* Model */ = {
			isa = PBXGroup;
			children = (
				1885A3F91F64131100FF08DD /* SubTagItem.h */,
				1885A3FA1F64131100FF08DD /* SubTagItem.m */,
			);
			path = Model;
			sourceTree = "<group>";
		};
		1811B08E1F629C8B00099781 /* View */ = {
			isa = PBXGroup;
			children = (
				1885A3FC1F64174800FF08DD /* SubTagCell.h */,
				1885A3FD1F64174800FF08DD /* SubTagCell.m */,
				1885A3FE1F64174800FF08DD /* SubTagCell.xib */,
			);
			path = View;
			sourceTree = "<group>";
		};
		1811B08F1F629C8B00099781 /* Other */ = {
			isa = PBXGroup;
			children = (
				1811B0AF1F62AF5000099781 /* Category */,
				1811B0901F629C8B00099781 /* AppDelegate.h */,
				1811B0911F629C8B00099781 /* AppDelegate.m */,
				1811B0921F629C8B00099781 /* main.m */,
				1811B0B91F63859500099781 /* BaiSiBuDeJie.pch */,
			);
			path = Other;
			sourceTree = "<group>";
		};
		1811B0931F629C8B00099781 /* Publish(发布) */ = {
			isa = PBXGroup;
			children = (
				1811B0941F629C8B00099781 /* Controller */,
				1811B0951F629C8B00099781 /* Model */,
				1811B0961F629C8B00099781 /* View */,
			);
			path = "Publish(发布)";
			sourceTree = "<group>";
		};
		1811B0941F629C8B00099781 /* Controller */ = {
			isa = PBXGroup;
			children = (
				1811B0A51F629ED400099781 /* PublishViewController.h */,
				1811B0A61F629ED400099781 /* PublishViewController.m */,
			);
			path = Controller;
			sourceTree = "<group>";
		};
		1811B0951F629C8B00099781 /* Model */ = {
			isa = PBXGroup;
			children = (
			);
			path = Model;
			sourceTree = "<group>";
		};
		1811B0961F629C8B00099781 /* View */ = {
			isa = PBXGroup;
			children = (
			);
			path = View;
			sourceTree = "<group>";
		};
		1811B0A81F62A9EF00099781 /* Main(主要) */ = {
			isa = PBXGroup;
			children = (
				1811B0A91F62A9EF00099781 /* Controller */,
				1811B0AA1F62A9EF00099781 /* Model */,
				1811B0AB1F62A9EF00099781 /* View */,
			);
			path = "Main(主要)";
			sourceTree = "<group>";
		};
		1811B0A91F62A9EF00099781 /* Controller */ = {
			isa = PBXGroup;
			children = (
				1811B0AC1F62AA4700099781 /* TabBarController.h */,
				1811B0AD1F62AA4700099781 /* TabBarController.m */,
				1811B0BD1F639B0000099781 /* WYNavigationController.h */,
				1811B0BE1F639B0000099781 /* WYNavigationController.m */,
			);
			path = Controller;
			sourceTree = "<group>";
		};
		1811B0AA1F62A9EF00099781 /* Model */ = {
			isa = PBXGroup;
			children = (
			);
			path = Model;
			sourceTree = "<group>";
		};
		1811B0AB1F62A9EF00099781 /* View */ = {
			isa = PBXGroup;
			children = (
				1811B0B31F62E00800099781 /* TabBar.h */,
				1811B0B41F62E00800099781 /* TabBar.m */,
			);
			path = View;
			sourceTree = "<group>";
		};
		1811B0AF1F62AF5000099781 /* Category */ = {
			isa = PBXGroup;
			children = (
				1811B0B01F62AF5E00099781 /* UIImage+Image.h */,
				1811B0B11F62AF5E00099781 /* UIImage+Image.m */,
				1811B0B61F6381F600099781 /* UIView+Frame.h */,
				1811B0B71F6381F600099781 /* UIView+Frame.m */,
				1811B0BA1F63936800099781 /* UIBarButtonItem+Item.h */,
				1811B0BB1F63936800099781 /* UIBarButtonItem+Item.m */,
				1891DF201F6CD0E2008E7037 /* UITextField+PlaceHolder.h */,
				1891DF211F6CD0E2008E7037 /* UITextField+PlaceHolder.m */,
			);
			path = Category;
			sourceTree = "<group>";
		};
		1811B0C01F639D9600099781 /* Setting(设置) */ = {
			isa = PBXGroup;
			children = (
				1811B0C11F639D9600099781 /* Controller */,
				1811B0C21F639D9600099781 /* Model */,
				1811B0C31F639D9600099781 /* View */,
			);
			path = "Setting(设置)";
			sourceTree = "<group>";
		};
		1811B0C11F639D9600099781 /* Controller */ = {
			isa = PBXGroup;
			children = (
				1811B0C41F639DAA00099781 /* SettingTableViewController.h */,
				1811B0C51F639DAA00099781 /* SettingTableViewController.m */,
			);
			path = Controller;
			sourceTree = "<group>";
		};
		1811B0C21F639D9600099781 /* Model */ = {
			isa = PBXGroup;
			children = (
			);
			path = Model;
			sourceTree = "<group>";
		};
		1811B0C31F639D9600099781 /* View */ = {
			isa = PBXGroup;
			children = (
			);
			path = View;
			sourceTree = "<group>";
		};
		1885A3D61F63F74B00FF08DD /* 启动图片 */ = {
			isa = PBXGroup;
			children = (
				1885A3D71F63F74B00FF08DD /* LaunchImage-568h@2x.png */,
				1885A3D81F63F74B00FF08DD /* LaunchImage-700-568h@2x.png */,
				1885A3D91F63F74B00FF08DD /* LaunchImage-700@2x.png */,
				1885A3DA1F63F74B00FF08DD /* LaunchImage-800-667h@2x.png */,
				1885A3DB1F63F74B00FF08DD /* LaunchImage-800-Portrait-736h@3x.png */,
				1885A3DC1F63F74B00FF08DD /* LaunchImage.png */,
				1885A3DD1F63F74B00FF08DD /* LaunchImage@2x.png */,
			);
			path = "启动图片";
			sourceTree = "<group>";
		};
		1885A3E51F63F77600FF08DD /* AD(广告) */ = {
			isa = PBXGroup;
			children = (
				1885A3E61F63F77600FF08DD /* Controller */,
				1885A3E71F63F77600FF08DD /* Model */,
				1885A3E81F63F77600FF08DD /* View */,
			);
			path = "AD(广告)";
			sourceTree = "<group>";
		};
		1885A3E61F63F77600FF08DD /* Controller */ = {
			isa = PBXGroup;
			children = (
				1885A3EE1F63F7A100FF08DD /* AdViewController.h */,
				1885A3EF1F63F7A100FF08DD /* AdViewController.m */,
				1885A3F01F63F7A100FF08DD /* AdViewController.xib */,
			);
			path = Controller;
			sourceTree = "<group>";
		};
		1885A3E71F63F77600FF08DD /* Model */ = {
			isa = PBXGroup;
			children = (
				1885A3F31F63FD5C00FF08DD /* AdItem.h */,
				1885A3F41F63FD5C00FF08DD /* AdItem.m */,
			);
			path = Model;
			sourceTree = "<group>";
		};
		1885A3E81F63F77600FF08DD /* View */ = {
			isa = PBXGroup;
			children = (
			);
			path = View;
			sourceTree = "<group>";
		};
		1885A4031F64EAAA00FF08DD /* Login(登陆) */ = {
			isa = PBXGroup;
			children = (
				1885A4041F64EAAA00FF08DD /* Controller */,
				1885A4051F64EAAA00FF08DD /* Model */,
				1885A4061F64EAAA00FF08DD /* View */,
			);
			path = "Login(登陆)";
			sourceTree = "<group>";
		};
		1885A4041F64EAAA00FF08DD /* Controller */ = {
			isa = PBXGroup;
			children = (
				1885A4071F64EACB00FF08DD /* LoginViewController.h */,
				1885A4081F64EACB00FF08DD /* LoginViewController.m */,
				1885A4091F64EACB00FF08DD /* LoginViewController.xib */,
			);
			path = Controller;
			sourceTree = "<group>";
		};
		1885A4051F64EAAA00FF08DD /* Model */ = {
			isa = PBXGroup;
			children = (
			);
			path = Model;
			sourceTree = "<group>";
		};
		1885A4061F64EAAA00FF08DD /* View */ = {
			isa = PBXGroup;
			children = (
				1885A40C1F64F31700FF08DD /* LoginView.h */,
				1885A40D1F64F31700FF08DD /* LoginView.m */,
				1885A40F1F64F32700FF08DD /* LoginView.xib */,
				1885A4111F652FFE00FF08DD /* FastLoginView.h */,
				1885A4121F652FFE00FF08DD /* FastLoginView.m */,
				1885A4141F65301D00FF08DD /* FastLoginView.xib */,
				1885A4161F65361500FF08DD /* FastLoginBtn.h */,
				1885A4171F65361500FF08DD /* FastLoginBtn.m */,
				1891DF1D1F6CCDD1008E7037 /* LoginField.h */,
				1891DF1E1F6CCDD1008E7037 /* LoginField.m */,
			);
			path = View;
			sourceTree = "<group>";
		};
		18BED7B21F6E64FC00667521 /* Tools */ = {
			isa = PBXGroup;
			children = (
				18BED7B31F6E64FC00667521 /* File */,
			);
			path = Tools;
			sourceTree = "<group>";
		};
		18BED7B31F6E64FC00667521 /* File */ = {
			isa = PBXGroup;
			children = (
				18BED7B41F6E9ECB00667521 /* WYFileTool.h */,
				18BED7B51F6E9ECB00667521 /* WYFileTool.m */,
			);
			path = File;
			sourceTree = "<group>";
		};
		771BD41971F5386C0DA1EB61 /* Pods */ = {
			isa = PBXGroup;
			children = (
				B6598B2D6145D0C71708AD61 /* Pods-BaiSiBuDeJie_Imitate.debug.xcconfig */,
				5A47027BA3CCE790F386CCBE /* Pods-BaiSiBuDeJie_Imitate.release.xcconfig */,
			);
			name = Pods;
			sourceTree = "<group>";
		};
		B1C844C2A644A030300896A1 /* Frameworks */ = {
			isa = PBXGroup;
			children = (
				9310292C6789B9141A5947B0 /* Pods_BaiSiBuDeJie_Imitate.framework */,
			);
			name = Frameworks;
			sourceTree = "<group>";
		};
/* End PBXGroup section */

/* Begin PBXNativeTarget section */
		1811B0631F628ACD00099781 /* BaiSiBuDeJie_Imitate */ = {
			isa = PBXNativeTarget;
			buildConfigurationList = 1811B07B1F628ACD00099781 /* Build configuration list for PBXNativeTarget "BaiSiBuDeJie_Imitate" */;
			buildPhases = (
				430479E7479C81A58555B83F /* 📦 Check Pods Manifest.lock */,
				1811B0601F628ACD00099781 /* Sources */,
				1811B0611F628ACD00099781 /* Frameworks */,
				1811B0621F628ACD00099781 /* Resources */,
				00ADB62CFB044F4AF46D6F66 /* 📦 Embed Pods Frameworks */,
				7EAF7E9736D250DFD7FC55D9 /* 📦 Copy Pods Resources */,
			);
			buildRules = (
			);
			dependencies = (
			);
			name = BaiSiBuDeJie_Imitate;
			productName = BaiSiBuDeJie_Imitate;
			productReference = 1811B0641F628ACD00099781 /* BaiSiBuDeJie_Imitate.app */;
			productType = "com.apple.product-type.application";
		};
/* End PBXNativeTarget section */

/* Begin PBXProject section */
		1811B05C1F628ACC00099781 /* Project object */ = {
			isa = PBXProject;
			attributes = {
				LastUpgradeCheck = 0800;
				ORGANIZATIONNAME = wy;
				TargetAttributes = {
					1811B0631F628ACD00099781 = {
						CreatedOnToolsVersion = 8.0;
						DevelopmentTeam = SD98S35TWD;
						ProvisioningStyle = Automatic;
					};
				};
			};
			buildConfigurationList = 1811B05F1F628ACC00099781 /* Build configuration list for PBXProject "BaiSiBuDeJie_Imitate" */;
			compatibilityVersion = "Xcode 3.2";
			developmentRegion = English;
			hasScannedForEncodings = 0;
			knownRegions = (
				en,
				Base,
			);
			mainGroup = 1811B05B1F628ACC00099781;
			productRefGroup = 1811B0651F628ACD00099781 /* Products */;
			projectDirPath = "";
			projectRoot = "";
			targets = (
				1811B0631F628ACD00099781 /* BaiSiBuDeJie_Imitate */,
			);
		};
/* End PBXProject section */

/* Begin PBXResourcesBuildPhase section */
		1811B0621F628ACD00099781 /* Resources */ = {
			isa = PBXResourcesBuildPhase;
			buildActionMask = 2147483647;
			files = (
				1811B0771F628ACD00099781 /* LaunchScreen.storyboard in Resources */,
				1885A3F21F63F7A100FF08DD /* AdViewController.xib in Resources */,
				1885A3DF1F63F74B00FF08DD /* LaunchImage-700-568h@2x.png in Resources */,
				1885A3E31F63F74B00FF08DD /* LaunchImage.png in Resources */,
				1885A4151F65301D00FF08DD /* FastLoginView.xib in Resources */,
				1811B0741F628ACD00099781 /* Assets.xcassets in Resources */,
				1891DF241F6CE588008E7037 /* MeTableViewController.storyboard in Resources */,
				1885A3E01F63F74B00FF08DD /* LaunchImage-700@2x.png in Resources */,
				1885A3E21F63F74B00FF08DD /* LaunchImage-800-Portrait-736h@3x.png in Resources */,
				1885A3DE1F63F74B00FF08DD /* LaunchImage-568h@2x.png in Resources */,
				1885A4101F64F32700FF08DD /* LoginView.xib in Resources */,
				1885A3E11F63F74B00FF08DD /* LaunchImage-800-667h@2x.png in Resources */,
				1885A4001F64174800FF08DD /* SubTagCell.xib in Resources */,
				18BED7B11F6E472A00667521 /* WebViewController.xib in Resources */,
				1885A4021F643E0000FF08DD /* FriendTrendsViewController.xib in Resources */,
				1891DF291F6CE9E6008E7037 /* MeSquareCell.xib in Resources */,
				1811B0721F628ACD00099781 /* Main.storyboard in Resources */,
				1885A40B1F64EACB00FF08DD /* LoginViewController.xib in Resources */,
				1885A3E41F63F74B00FF08DD /* LaunchImage@2x.png in Resources */,
			);
			runOnlyForDeploymentPostprocessing = 0;
		};
/* End PBXResourcesBuildPhase section */

/* Begin PBXShellScriptBuildPhase section */
		00ADB62CFB044F4AF46D6F66 /* 📦 Embed Pods Frameworks */ = {
			isa = PBXShellScriptBuildPhase;
			buildActionMask = 2147483647;
			files = (
			);
			inputPaths = (
			);
			name = "📦 Embed Pods Frameworks";
			outputPaths = (
			);
			runOnlyForDeploymentPostprocessing = 0;
			shellPath = /bin/sh;
			shellScript = "\"${SRCROOT}/Pods/Target Support Files/Pods-BaiSiBuDeJie_Imitate/Pods-BaiSiBuDeJie_Imitate-frameworks.sh\"\n";
			showEnvVarsInLog = 0;
		};
		430479E7479C81A58555B83F /* 📦 Check Pods Manifest.lock */ = {
			isa = PBXShellScriptBuildPhase;
			buildActionMask = 2147483647;
			files = (
			);
			inputPaths = (
			);
			name = "📦 Check Pods Manifest.lock";
			outputPaths = (
			);
			runOnlyForDeploymentPostprocessing = 0;
			shellPath = /bin/sh;
			shellScript = "diff \"${PODS_ROOT}/../Podfile.lock\" \"${PODS_ROOT}/Manifest.lock\" > /dev/null\nif [[ $? != 0 ]] ; then\n    cat << EOM\nerror: The sandbox is not in sync with the Podfile.lock. Run 'pod install' or update your CocoaPods installation.\nEOM\n    exit 1\nfi\n";
			showEnvVarsInLog = 0;
		};
		7EAF7E9736D250DFD7FC55D9 /* 📦 Copy Pods Resources */ = {
			isa = PBXShellScriptBuildPhase;
			buildActionMask = 2147483647;
			files = (
			);
			inputPaths = (
			);
			name = "📦 Copy Pods Resources";
			outputPaths = (
			);
			runOnlyForDeploymentPostprocessing = 0;
			shellPath = /bin/sh;
			shellScript = "\"${SRCROOT}/Pods/Target Support Files/Pods-BaiSiBuDeJie_Imitate/Pods-BaiSiBuDeJie_Imitate-resources.sh\"\n";
			showEnvVarsInLog = 0;
		};
/* End PBXShellScriptBuildPhase section */

/* Begin PBXSourcesBuildPhase section */
		1811B0601F628ACD00099781 /* Sources */ = {
			isa = PBXSourcesBuildPhase;
			buildActionMask = 2147483647;
			files = (
				1891DF221F6CD0E2008E7037 /* UITextField+PlaceHolder.m in Sources */,
				1811B0A71F629ED400099781 /* PublishViewController.m in Sources */,
				1885A3F11F63F7A100FF08DD /* AdViewController.m in Sources */,
				1885A3F81F6411C900FF08DD /* SubTagTableViewController.m in Sources */,
				1811B0BC1F63936800099781 /* UIBarButtonItem+Item.m in Sources */,
				1885A4131F652FFE00FF08DD /* FastLoginView.m in Sources */,
				1885A40A1F64EACB00FF08DD /* LoginViewController.m in Sources */,
				1811B0C61F639DAA00099781 /* SettingTableViewController.m in Sources */,
				1811B0A41F629ECB00099781 /* NewViewController.m in Sources */,
				1811B0981F629C8B00099781 /* main.m in Sources */,
				1811B0B21F62AF5E00099781 /* UIImage+Image.m in Sources */,
				1885A40E1F64F31700FF08DD /* LoginView.m in Sources */,
				1891DF281F6CE9E6008E7037 /* MeSquareCell.m in Sources */,
				1885A3F51F63FD5C00FF08DD /* AdItem.m in Sources */,
				1811B0A11F629EBA00099781 /* MeTableViewController.m in Sources */,
				18BED7B01F6E472A00667521 /* WebViewController.m in Sources */,
				1811B0B51F62E00800099781 /* TabBar.m in Sources */,
				1885A3FF1F64174800FF08DD /* SubTagCell.m in Sources */,
				1811B0BF1F639B0000099781 /* WYNavigationController.m in Sources */,
				18BED7AC1F6E216800667521 /* MeSquareItem.m in Sources */,
				1811B0971F629C8B00099781 /* AppDelegate.m in Sources */,
				1811B0AE1F62AA4700099781 /* TabBarController.m in Sources */,
				1885A4181F65361500FF08DD /* FastLoginBtn.m in Sources */,
				18BED7B61F6E9ECB00667521 /* WYFileTool.m in Sources */,
				1811B09E1F629EAB00099781 /* FriendTrendsViewController.m in Sources */,
				1891DF1F1F6CCDD1008E7037 /* LoginField.m in Sources */,
				1811B09B1F629E3900099781 /* EssenseViewController.m in Sources */,
				1885A3FB1F64131100FF08DD /* SubTagItem.m in Sources */,
				1811B0B81F6381F600099781 /* UIView+Frame.m in Sources */,
			);
			runOnlyForDeploymentPostprocessing = 0;
		};
/* End PBXSourcesBuildPhase section */

/* Begin PBXVariantGroup section */
		1811B0701F628ACD00099781 /* Main.storyboard */ = {
			isa = PBXVariantGroup;
			children = (
				1811B0711F628ACD00099781 /* Base */,
			);
			name = Main.storyboard;
			sourceTree = "<group>";
		};
		1811B0751F628ACD00099781 /* LaunchScreen.storyboard */ = {
			isa = PBXVariantGroup;
			children = (
				1811B0761F628ACD00099781 /* Base */,
			);
			name = LaunchScreen.storyboard;
			sourceTree = "<group>";
		};
/* End PBXVariantGroup section */

/* Begin XCBuildConfiguration section */
		1811B0791F628ACD00099781 /* Debug */ = {
			isa = XCBuildConfiguration;
			buildSettings = {
				ALWAYS_SEARCH_USER_PATHS = NO;
				CLANG_ANALYZER_NONNULL = YES;
				CLANG_CXX_LANGUAGE_STANDARD = "gnu++0x";
				CLANG_CXX_LIBRARY = "libc++";
				CLANG_ENABLE_MODULES = YES;
				CLANG_ENABLE_OBJC_ARC = YES;
				CLANG_WARN_BOOL_CONVERSION = YES;
				CLANG_WARN_CONSTANT_CONVERSION = YES;
				CLANG_WARN_DIRECT_OBJC_ISA_USAGE = YES_ERROR;
				CLANG_WARN_DOCUMENTATION_COMMENTS = YES;
				CLANG_WARN_EMPTY_BODY = YES;
				CLANG_WARN_ENUM_CONVERSION = YES;
				CLANG_WARN_INFINITE_RECURSION = YES;
				CLANG_WARN_INT_CONVERSION = YES;
				CLANG_WARN_OBJC_ROOT_CLASS = YES_ERROR;
				CLANG_WARN_SUSPICIOUS_MOVES = YES;
				CLANG_WARN_UNREACHABLE_CODE = YES;
				CLANG_WARN__DUPLICATE_METHOD_MATCH = YES;
				"CODE_SIGN_IDENTITY[sdk=iphoneos*]" = "iPhone Developer";
				COPY_PHASE_STRIP = NO;
				DEBUG_INFORMATION_FORMAT = dwarf;
				ENABLE_STRICT_OBJC_MSGSEND = YES;
				ENABLE_TESTABILITY = YES;
				GCC_C_LANGUAGE_STANDARD = gnu99;
				GCC_DYNAMIC_NO_PIC = NO;
				GCC_NO_COMMON_BLOCKS = YES;
				GCC_OPTIMIZATION_LEVEL = 0;
				GCC_PREPROCESSOR_DEFINITIONS = (
					"DEBUG=1",
					"$(inherited)",
				);
				GCC_WARN_64_TO_32_BIT_CONVERSION = YES;
				GCC_WARN_ABOUT_RETURN_TYPE = YES_ERROR;
				GCC_WARN_UNDECLARED_SELECTOR = YES;
				GCC_WARN_UNINITIALIZED_AUTOS = YES_AGGRESSIVE;
				GCC_WARN_UNUSED_FUNCTION = YES;
				GCC_WARN_UNUSED_VARIABLE = YES;
				IPHONEOS_DEPLOYMENT_TARGET = 10.0;
				MTL_ENABLE_DEBUG_INFO = YES;
				ONLY_ACTIVE_ARCH = YES;
				SDKROOT = iphoneos;
			};
			name = Debug;
		};
		1811B07A1F628ACD00099781 /* Release */ = {
			isa = XCBuildConfiguration;
			buildSettings = {
				ALWAYS_SEARCH_USER_PATHS = NO;
				CLANG_ANALYZER_NONNULL = YES;
				CLANG_CXX_LANGUAGE_STANDARD = "gnu++0x";
				CLANG_CXX_LIBRARY = "libc++";
				CLANG_ENABLE_MODULES = YES;
				CLANG_ENABLE_OBJC_ARC = YES;
				CLANG_WARN_BOOL_CONVERSION = YES;
				CLANG_WARN_CONSTANT_CONVERSION = YES;
				CLANG_WARN_DIRECT_OBJC_ISA_USAGE = YES_ERROR;
				CLANG_WARN_DOCUMENTATION_COMMENTS = YES;
				CLANG_WARN_EMPTY_BODY = YES;
				CLANG_WARN_ENUM_CONVERSION = YES;
				CLANG_WARN_INFINITE_RECURSION = YES;
				CLANG_WARN_INT_CONVERSION = YES;
				CLANG_WARN_OBJC_ROOT_CLASS = YES_ERROR;
				CLANG_WARN_SUSPICIOUS_MOVES = YES;
				CLANG_WARN_UNREACHABLE_CODE = YES;
				CLANG_WARN__DUPLICATE_METHOD_MATCH = YES;
				"CODE_SIGN_IDENTITY[sdk=iphoneos*]" = "iPhone Developer";
				COPY_PHASE_STRIP = NO;
				DEBUG_INFORMATION_FORMAT = "dwarf-with-dsym";
				ENABLE_NS_ASSERTIONS = NO;
				ENABLE_STRICT_OBJC_MSGSEND = YES;
				GCC_C_LANGUAGE_STANDARD = gnu99;
				GCC_NO_COMMON_BLOCKS = YES;
				GCC_WARN_64_TO_32_BIT_CONVERSION = YES;
				GCC_WARN_ABOUT_RETURN_TYPE = YES_ERROR;
				GCC_WARN_UNDECLARED_SELECTOR = YES;
				GCC_WARN_UNINITIALIZED_AUTOS = YES_AGGRESSIVE;
				GCC_WARN_UNUSED_FUNCTION = YES;
				GCC_WARN_UNUSED_VARIABLE = YES;
				IPHONEOS_DEPLOYMENT_TARGET = 10.0;
				MTL_ENABLE_DEBUG_INFO = NO;
				SDKROOT = iphoneos;
				VALIDATE_PRODUCT = YES;
			};
			name = Release;
		};
		1811B07C1F628ACD00099781 /* Debug */ = {
			isa = XCBuildConfiguration;
			baseConfigurationReference = B6598B2D6145D0C71708AD61 /* Pods-BaiSiBuDeJie_Imitate.debug.xcconfig */;
			buildSettings = {
				ASSETCATALOG_COMPILER_APPICON_NAME = AppIcon;
				ASSETCATALOG_COMPILER_LAUNCHIMAGE_NAME = LaunchImage;
				DEVELOPMENT_TEAM = SD98S35TWD;
				GCC_PREFIX_HEADER = BaiSiBuDeJie_Imitate/Classes/Other/BaiSiBuDeJie.pch;
				INFOPLIST_FILE = BaiSiBuDeJie_Imitate/Info.plist;
				LD_RUNPATH_SEARCH_PATHS = "$(inherited) @executable_path/Frameworks";
				PRODUCT_BUNDLE_IDENTIFIER = "apple.BaiSiBuDeJie-Imitate";
				PRODUCT_NAME = "$(TARGET_NAME)";
			};
			name = Debug;
		};
		1811B07D1F628ACD00099781 /* Release */ = {
			isa = XCBuildConfiguration;
			baseConfigurationReference = 5A47027BA3CCE790F386CCBE /* Pods-BaiSiBuDeJie_Imitate.release.xcconfig */;
			buildSettings = {
				ASSETCATALOG_COMPILER_APPICON_NAME = AppIcon;
				ASSETCATALOG_COMPILER_LAUNCHIMAGE_NAME = LaunchImage;
				DEVELOPMENT_TEAM = SD98S35TWD;
				GCC_PREFIX_HEADER = BaiSiBuDeJie_Imitate/Classes/Other/BaiSiBuDeJie.pch;
				INFOPLIST_FILE = BaiSiBuDeJie_Imitate/Info.plist;
				LD_RUNPATH_SEARCH_PATHS = "$(inherited) @executable_path/Frameworks";
				PRODUCT_BUNDLE_IDENTIFIER = "apple.BaiSiBuDeJie-Imitate";
				PRODUCT_NAME = "$(TARGET_NAME)";
			};
			name = Release;
		};
/* End XCBuildConfiguration section */

/* Begin XCConfigurationList section */
		1811B05F1F628ACC00099781 /* Build configuration list for PBXProject "BaiSiBuDeJie_Imitate" */ = {
			isa = XCConfigurationList;
			buildConfigurations = (
				1811B0791F628ACD00099781 /* Debug */,
				1811B07A1F628ACD00099781 /* Release */,
			);
			defaultConfigurationIsVisible = 0;
			defaultConfigurationName = Release;
		};
		1811B07B1F628ACD00099781 /* Build configuration list for PBXNativeTarget "BaiSiBuDeJie_Imitate" */ = {
			isa = XCConfigurationList;
			buildConfigurations = (
				1811B07C1F628ACD00099781 /* Debug */,
				1811B07D1F628ACD00099781 /* Release */,
			);
			defaultConfigurationIsVisible = 0;
			defaultConfigurationName = Release;
		};
/* End XCConfigurationList section */
	};
	rootObject = 1811B05C1F628ACC00099781 /* Project object */;
}
