<?xml version="1.0" encoding="UTF-8"?>
<!DOCTYPE plist PUBLIC "-//Apple//DTD PLIST 1.0//EN" "http://www.apple.com/DTDs/PropertyList-1.0.dtd">
<plist version="1.0">
<dict>
	<key>archiveVersion</key>
	<string>1</string>
	<key>classes</key>
	<dict/>
	<key>objectVersion</key>
	<string>46</string>
	<key>objects</key>
	<dict>
		<key>00ADB62CFB044F4AF46D6F66</key>
		<dict>
			<key>buildActionMask</key>
			<string>2147483647</string>
			<key>files</key>
			<array/>
			<key>inputPaths</key>
			<array/>
			<key>isa</key>
			<string>PBXShellScriptBuildPhase</string>
			<key>name</key>
			<string>&#128230; Embed Pods Frameworks</string>
			<key>outputPaths</key>
			<array/>
			<key>runOnlyForDeploymentPostprocessing</key>
			<string>0</string>
			<key>shellPath</key>
			<string>/bin/sh</string>
			<key>shellScript</key>
			<string>"${SRCROOT}/Pods/Target Support Files/Pods-BaiSiBuDeJie_Imitate/Pods-BaiSiBuDeJie_Imitate-frameworks.sh"
</string>
			<key>showEnvVarsInLog</key>
			<string>0</string>
		</dict>
		<key>1811B05B1F628ACC00099781</key>
		<dict>
			<key>children</key>
			<array>
				<string>1811B0661F628ACD00099781</string>
				<string>1811B0651F628ACD00099781</string>
				<string>771BD41971F5386C0DA1EB61</string>
				<string>B1C844C2A644A030300896A1</string>
			</array>
			<key>isa</key>
			<string>PBXGroup</string>
			<key>sourceTree</key>
			<string>&lt;group&gt;</string>
		</dict>
		<key>1811B05C1F628ACC00099781</key>
		<dict>
			<key>attributes</key>
			<dict>
				<key>LastUpgradeCheck</key>
				<string>0800</string>
				<key>ORGANIZATIONNAME</key>
				<string>wy</string>
				<key>TargetAttributes</key>
				<dict>
					<key>1811B0631F628ACD00099781</key>
					<dict>
						<key>CreatedOnToolsVersion</key>
						<string>8.0</string>
						<key>DevelopmentTeam</key>
						<string>SD98S35TWD</string>
						<key>ProvisioningStyle</key>
						<string>Automatic</string>
					</dict>
				</dict>
			</dict>
			<key>buildConfigurationList</key>
			<string>1811B05F1F628ACC00099781</string>
			<key>compatibilityVersion</key>
			<string>Xcode 3.2</string>
			<key>developmentRegion</key>
			<string>English</string>
			<key>hasScannedForEncodings</key>
			<string>0</string>
			<key>isa</key>
			<string>PBXProject</string>
			<key>knownRegions</key>
			<array>
				<string>en</string>
				<string>Base</string>
			</array>
			<key>mainGroup</key>
			<string>1811B05B1F628ACC00099781</string>
			<key>productRefGroup</key>
			<string>1811B0651F628ACD00099781</string>
			<key>projectDirPath</key>
			<string></string>
			<key>projectReferences</key>
			<array/>
			<key>projectRoot</key>
			<string></string>
			<key>targets</key>
			<array>
				<string>1811B0631F628ACD00099781</string>
			</array>
		</dict>
		<key>1811B05F1F628ACC00099781</key>
		<dict>
			<key>buildConfigurations</key>
			<array>
				<string>1811B0791F628ACD00099781</string>
				<string>1811B07A1F628ACD00099781</string>
			</array>
			<key>defaultConfigurationIsVisible</key>
			<string>0</string>
			<key>defaultConfigurationName</key>
			<string>Release</string>
			<key>isa</key>
			<string>XCConfigurationList</string>
		</dict>
		<key>1811B0601F628ACD00099781</key>
		<dict>
			<key>buildActionMask</key>
			<string>2147483647</string>
			<key>files</key>
			<array>
				<string>1811B0A71F629ED400099781</string>
				<string>1811B0BC1F63936800099781</string>
				<string>1811B0C61F639DAA00099781</string>
				<string>1811B0A41F629ECB00099781</string>
				<string>1811B0981F629C8B00099781</string>
				<string>1811B0B21F62AF5E00099781</string>
				<string>1811B0A11F629EBA00099781</string>
				<string>1811B0B51F62E00800099781</string>
				<string>1811B0BF1F639B0000099781</string>
				<string>1811B0971F629C8B00099781</string>
				<string>1811B0AE1F62AA4700099781</string>
				<string>1811B09E1F629EAB00099781</string>
				<string>1811B09B1F629E3900099781</string>
				<string>1811B0B81F6381F600099781</string>
			</array>
			<key>isa</key>
			<string>PBXSourcesBuildPhase</string>
			<key>runOnlyForDeploymentPostprocessing</key>
			<string>0</string>
		</dict>
		<key>1811B0611F628ACD00099781</key>
		<dict>
			<key>buildActionMask</key>
			<string>2147483647</string>
			<key>files</key>
			<array>
				<string>C424A458B279E322ABF42C43</string>
			</array>
			<key>isa</key>
			<string>PBXFrameworksBuildPhase</string>
			<key>runOnlyForDeploymentPostprocessing</key>
			<string>0</string>
		</dict>
		<key>1811B0621F628ACD00099781</key>
		<dict>
			<key>buildActionMask</key>
			<string>2147483647</string>
			<key>files</key>
			<array>
				<string>1811B0771F628ACD00099781</string>
				<string>1811B0741F628ACD00099781</string>
				<string>1811B0721F628ACD00099781</string>
			</array>
			<key>isa</key>
			<string>PBXResourcesBuildPhase</string>
			<key>runOnlyForDeploymentPostprocessing</key>
			<string>0</string>
		</dict>
		<key>1811B0631F628ACD00099781</key>
		<dict>
			<key>buildConfigurationList</key>
			<string>1811B07B1F628ACD00099781</string>
			<key>buildPhases</key>
			<array>
				<string>430479E7479C81A58555B83F</string>
				<string>1811B0601F628ACD00099781</string>
				<string>1811B0611F628ACD00099781</string>
				<string>1811B0621F628ACD00099781</string>
				<string>00ADB62CFB044F4AF46D6F66</string>
				<string>7EAF7E9736D250DFD7FC55D9</string>
			</array>
			<key>buildRules</key>
			<array/>
			<key>dependencies</key>
			<array/>
			<key>isa</key>
			<string>PBXNativeTarget</string>
			<key>name</key>
			<string>BaiSiBuDeJie_Imitate</string>
			<key>productName</key>
			<string>BaiSiBuDeJie_Imitate</string>
			<key>productReference</key>
			<string>1811B0641F628ACD00099781</string>
			<key>productType</key>
			<string>com.apple.product-type.application</string>
		</dict>
		<key>1811B0641F628ACD00099781</key>
		<dict>
			<key>explicitFileType</key>
			<string>wrapper.application</string>
			<key>includeInIndex</key>
			<string>0</string>
			<key>isa</key>
			<string>PBXFileReference</string>
			<key>path</key>
			<string>BaiSiBuDeJie_Imitate.app</string>
			<key>sourceTree</key>
			<string>BUILT_PRODUCTS_DIR</string>
		</dict>
		<key>1811B0651F628ACD00099781</key>
		<dict>
			<key>children</key>
			<array>
				<string>1811B0641F628ACD00099781</string>
			</array>
			<key>isa</key>
			<string>PBXGroup</string>
			<key>name</key>
			<string>Products</string>
			<key>sourceTree</key>
			<string>&lt;group&gt;</string>
		</dict>
		<key>1811B0661F628ACD00099781</key>
		<dict>
			<key>children</key>
			<array>
				<string>1811B07E1F629C8B00099781</string>
				<string>1811B0701F628ACD00099781</string>
				<string>1811B0731F628ACD00099781</string>
				<string>1811B0751F628ACD00099781</string>
				<string>1811B0781F628ACD00099781</string>
				<string>1811B0671F628ACD00099781</string>
			</array>
			<key>isa</key>
			<string>PBXGroup</string>
			<key>path</key>
			<string>BaiSiBuDeJie_Imitate</string>
			<key>sourceTree</key>
			<string>&lt;group&gt;</string>
		</dict>
		<key>1811B0671F628ACD00099781</key>
		<dict>
			<key>children</key>
			<array/>
			<key>isa</key>
			<string>PBXGroup</string>
			<key>name</key>
			<string>Supporting Files</string>
			<key>sourceTree</key>
			<string>&lt;group&gt;</string>
		</dict>
		<key>1811B0701F628ACD00099781</key>
		<dict>
			<key>children</key>
			<array>
				<string>1811B0711F628ACD00099781</string>
			</array>
			<key>isa</key>
			<string>PBXVariantGroup</string>
			<key>name</key>
			<string>Main.storyboard</string>
			<key>sourceTree</key>
			<string>&lt;group&gt;</string>
		</dict>
		<key>1811B0711F628ACD00099781</key>
		<dict>
			<key>isa</key>
			<string>PBXFileReference</string>
			<key>lastKnownFileType</key>
			<string>file.storyboard</string>
			<key>name</key>
			<string>Base</string>
			<key>path</key>
			<string>Base.lproj/Main.storyboard</string>
			<key>sourceTree</key>
			<string>&lt;group&gt;</string>
		</dict>
		<key>1811B0721F628ACD00099781</key>
		<dict>
			<key>fileRef</key>
			<string>1811B0701F628ACD00099781</string>
			<key>isa</key>
			<string>PBXBuildFile</string>
		</dict>
		<key>1811B0731F628ACD00099781</key>
		<dict>
			<key>isa</key>
			<string>PBXFileReference</string>
			<key>lastKnownFileType</key>
			<string>folder.assetcatalog</string>
			<key>path</key>
			<string>Assets.xcassets</string>
			<key>sourceTree</key>
			<string>&lt;group&gt;</string>
		</dict>
		<key>1811B0741F628ACD00099781</key>
		<dict>
			<key>fileRef</key>
			<string>1811B0731F628ACD00099781</string>
			<key>isa</key>
			<string>PBXBuildFile</string>
		</dict>
		<key>1811B0751F628ACD00099781</key>
		<dict>
			<key>children</key>
			<array>
				<string>1811B0761F628ACD00099781</string>
			</array>
			<key>isa</key>
			<string>PBXVariantGroup</string>
			<key>name</key>
			<string>LaunchScreen.storyboard</string>
			<key>sourceTree</key>
			<string>&lt;group&gt;</string>
		</dict>
		<key>1811B0761F628ACD00099781</key>
		<dict>
			<key>isa</key>
			<string>PBXFileReference</string>
			<key>lastKnownFileType</key>
			<string>file.storyboard</string>
			<key>name</key>
			<string>Base</string>
			<key>path</key>
			<string>Base.lproj/LaunchScreen.storyboard</string>
			<key>sourceTree</key>
			<string>&lt;group&gt;</string>
		</dict>
		<key>1811B0771F628ACD00099781</key>
		<dict>
			<key>fileRef</key>
			<string>1811B0751F628ACD00099781</string>
			<key>isa</key>
			<string>PBXBuildFile</string>
		</dict>
		<key>1811B0781F628ACD00099781</key>
		<dict>
			<key>isa</key>
			<string>PBXFileReference</string>
			<key>lastKnownFileType</key>
			<string>text.plist.xml</string>
			<key>path</key>
			<string>Info.plist</string>
			<key>sourceTree</key>
			<string>&lt;group&gt;</string>
		</dict>
		<key>1811B0791F628ACD00099781</key>
		<dict>
			<key>buildSettings</key>
			<dict>
				<key>ALWAYS_SEARCH_USER_PATHS</key>
				<string>NO</string>
				<key>CLANG_ANALYZER_NONNULL</key>
				<string>YES</string>
				<key>CLANG_CXX_LANGUAGE_STANDARD</key>
				<string>gnu++0x</string>
				<key>CLANG_CXX_LIBRARY</key>
				<string>libc++</string>
				<key>CLANG_ENABLE_MODULES</key>
				<string>YES</string>
				<key>CLANG_ENABLE_OBJC_ARC</key>
				<string>YES</string>
				<key>CLANG_WARN_BOOL_CONVERSION</key>
				<string>YES</string>
				<key>CLANG_WARN_CONSTANT_CONVERSION</key>
				<string>YES</string>
				<key>CLANG_WARN_DIRECT_OBJC_ISA_USAGE</key>
				<string>YES_ERROR</string>
				<key>CLANG_WARN_DOCUMENTATION_COMMENTS</key>
				<string>YES</string>
				<key>CLANG_WARN_EMPTY_BODY</key>
				<string>YES</string>
				<key>CLANG_WARN_ENUM_CONVERSION</key>
				<string>YES</string>
				<key>CLANG_WARN_INFINITE_RECURSION</key>
				<string>YES</string>
				<key>CLANG_WARN_INT_CONVERSION</key>
				<string>YES</string>
				<key>CLANG_WARN_OBJC_ROOT_CLASS</key>
				<string>YES_ERROR</string>
				<key>CLANG_WARN_SUSPICIOUS_MOVES</key>
				<string>YES</string>
				<key>CLANG_WARN_UNREACHABLE_CODE</key>
				<string>YES</string>
				<key>CLANG_WARN__DUPLICATE_METHOD_MATCH</key>
				<string>YES</string>
				<key>CODE_SIGN_IDENTITY[sdk=iphoneos*]</key>
				<string>iPhone Developer</string>
				<key>COPY_PHASE_STRIP</key>
				<string>NO</string>
				<key>DEBUG_INFORMATION_FORMAT</key>
				<string>dwarf</string>
				<key>ENABLE_STRICT_OBJC_MSGSEND</key>
				<string>YES</string>
				<key>ENABLE_TESTABILITY</key>
				<string>YES</string>
				<key>GCC_C_LANGUAGE_STANDARD</key>
				<string>gnu99</string>
				<key>GCC_DYNAMIC_NO_PIC</key>
				<string>NO</string>
				<key>GCC_NO_COMMON_BLOCKS</key>
				<string>YES</string>
				<key>GCC_OPTIMIZATION_LEVEL</key>
				<string>0</string>
				<key>GCC_PREPROCESSOR_DEFINITIONS</key>
				<array>
					<string>DEBUG=1</string>
					<string>$(inherited)</string>
				</array>
				<key>GCC_WARN_64_TO_32_BIT_CONVERSION</key>
				<string>YES</string>
				<key>GCC_WARN_ABOUT_RETURN_TYPE</key>
				<string>YES_ERROR</string>
				<key>GCC_WARN_UNDECLARED_SELECTOR</key>
				<string>YES</string>
				<key>GCC_WARN_UNINITIALIZED_AUTOS</key>
				<string>YES_AGGRESSIVE</string>
				<key>GCC_WARN_UNUSED_FUNCTION</key>
				<string>YES</string>
				<key>GCC_WARN_UNUSED_VARIABLE</key>
				<string>YES</string>
				<key>IPHONEOS_DEPLOYMENT_TARGET</key>
				<string>10.0</string>
				<key>MTL_ENABLE_DEBUG_INFO</key>
				<string>YES</string>
				<key>ONLY_ACTIVE_ARCH</key>
				<string>YES</string>
				<key>SDKROOT</key>
				<string>iphoneos</string>
			</dict>
			<key>isa</key>
			<string>XCBuildConfiguration</string>
			<key>name</key>
			<string>Debug</string>
		</dict>
		<key>1811B07A1F628ACD00099781</key>
		<dict>
			<key>buildSettings</key>
			<dict>
				<key>ALWAYS_SEARCH_USER_PATHS</key>
				<string>NO</string>
				<key>CLANG_ANALYZER_NONNULL</key>
				<string>YES</string>
				<key>CLANG_CXX_LANGUAGE_STANDARD</key>
				<string>gnu++0x</string>
				<key>CLANG_CXX_LIBRARY</key>
				<string>libc++</string>
				<key>CLANG_ENABLE_MODULES</key>
				<string>YES</string>
				<key>CLANG_ENABLE_OBJC_ARC</key>
				<string>YES</string>
				<key>CLANG_WARN_BOOL_CONVERSION</key>
				<string>YES</string>
				<key>CLANG_WARN_CONSTANT_CONVERSION</key>
				<string>YES</string>
				<key>CLANG_WARN_DIRECT_OBJC_ISA_USAGE</key>
				<string>YES_ERROR</string>
				<key>CLANG_WARN_DOCUMENTATION_COMMENTS</key>
				<string>YES</string>
				<key>CLANG_WARN_EMPTY_BODY</key>
				<string>YES</string>
				<key>CLANG_WARN_ENUM_CONVERSION</key>
				<string>YES</string>
				<key>CLANG_WARN_INFINITE_RECURSION</key>
				<string>YES</string>
				<key>CLANG_WARN_INT_CONVERSION</key>
				<string>YES</string>
				<key>CLANG_WARN_OBJC_ROOT_CLASS</key>
				<string>YES_ERROR</string>
				<key>CLANG_WARN_SUSPICIOUS_MOVES</key>
				<string>YES</string>
				<key>CLANG_WARN_UNREACHABLE_CODE</key>
				<string>YES</string>
				<key>CLANG_WARN__DUPLICATE_METHOD_MATCH</key>
				<string>YES</string>
				<key>CODE_SIGN_IDENTITY[sdk=iphoneos*]</key>
				<string>iPhone Developer</string>
				<key>COPY_PHASE_STRIP</key>
				<string>NO</string>
				<key>DEBUG_INFORMATION_FORMAT</key>
				<string>dwarf-with-dsym</string>
				<key>ENABLE_NS_ASSERTIONS</key>
				<string>NO</string>
				<key>ENABLE_STRICT_OBJC_MSGSEND</key>
				<string>YES</string>
				<key>GCC_C_LANGUAGE_STANDARD</key>
				<string>gnu99</string>
				<key>GCC_NO_COMMON_BLOCKS</key>
				<string>YES</string>
				<key>GCC_WARN_64_TO_32_BIT_CONVERSION</key>
				<string>YES</string>
				<key>GCC_WARN_ABOUT_RETURN_TYPE</key>
				<string>YES_ERROR</string>
				<key>GCC_WARN_UNDECLARED_SELECTOR</key>
				<string>YES</string>
				<key>GCC_WARN_UNINITIALIZED_AUTOS</key>
				<string>YES_AGGRESSIVE</string>
				<key>GCC_WARN_UNUSED_FUNCTION</key>
				<string>YES</string>
				<key>GCC_WARN_UNUSED_VARIABLE</key>
				<string>YES</string>
				<key>IPHONEOS_DEPLOYMENT_TARGET</key>
				<string>10.0</string>
				<key>MTL_ENABLE_DEBUG_INFO</key>
				<string>NO</string>
				<key>SDKROOT</key>
				<string>iphoneos</string>
				<key>VALIDATE_PRODUCT</key>
				<string>YES</string>
			</dict>
			<key>isa</key>
			<string>XCBuildConfiguration</string>
			<key>name</key>
			<string>Release</string>
		</dict>
		<key>1811B07B1F628ACD00099781</key>
		<dict>
			<key>buildConfigurations</key>
			<array>
				<string>1811B07C1F628ACD00099781</string>
				<string>1811B07D1F628ACD00099781</string>
			</array>
			<key>defaultConfigurationIsVisible</key>
			<string>0</string>
			<key>defaultConfigurationName</key>
			<string>Release</string>
			<key>isa</key>
			<string>XCConfigurationList</string>
		</dict>
		<key>1811B07C1F628ACD00099781</key>
		<dict>
			<key>baseConfigurationReference</key>
			<string>B6598B2D6145D0C71708AD61</string>
			<key>buildSettings</key>
			<dict>
				<key>ASSETCATALOG_COMPILER_APPICON_NAME</key>
				<string>AppIcon</string>
				<key>ASSETCATALOG_COMPILER_LAUNCHIMAGE_NAME</key>
				<string>LaunchImage</string>
				<key>DEVELOPMENT_TEAM</key>
				<string>SD98S35TWD</string>
				<key>GCC_PREFIX_HEADER</key>
				<string>BaiSiBuDeJie_Imitate/Classes/Other/BaiSiBuDeJie.pch</string>
				<key>INFOPLIST_FILE</key>
				<string>BaiSiBuDeJie_Imitate/Info.plist</string>
				<key>LD_RUNPATH_SEARCH_PATHS</key>
				<string>$(inherited) @executable_path/Frameworks</string>
				<key>PRODUCT_BUNDLE_IDENTIFIER</key>
				<string>apple.BaiSiBuDeJie-Imitate</string>
				<key>PRODUCT_NAME</key>
				<string>$(TARGET_NAME)</string>
			</dict>
			<key>isa</key>
			<string>XCBuildConfiguration</string>
			<key>name</key>
			<string>Debug</string>
		</dict>
		<key>1811B07D1F628ACD00099781</key>
		<dict>
			<key>baseConfigurationReference</key>
			<string>5A47027BA3CCE790F386CCBE</string>
			<key>buildSettings</key>
			<dict>
				<key>ASSETCATALOG_COMPILER_APPICON_NAME</key>
				<string>AppIcon</string>
				<key>ASSETCATALOG_COMPILER_LAUNCHIMAGE_NAME</key>
				<string>LaunchImage</string>
				<key>DEVELOPMENT_TEAM</key>
				<string>SD98S35TWD</string>
				<key>GCC_PREFIX_HEADER</key>
				<string>BaiSiBuDeJie_Imitate/Classes/Other/BaiSiBuDeJie.pch</string>
				<key>INFOPLIST_FILE</key>
				<string>BaiSiBuDeJie_Imitate/Info.plist</string>
				<key>LD_RUNPATH_SEARCH_PATHS</key>
				<string>$(inherited) @executable_path/Frameworks</string>
				<key>PRODUCT_BUNDLE_IDENTIFIER</key>
				<string>apple.BaiSiBuDeJie-Imitate</string>
				<key>PRODUCT_NAME</key>
				<string>$(TARGET_NAME)</string>
			</dict>
			<key>isa</key>
			<string>XCBuildConfiguration</string>
			<key>name</key>
			<string>Release</string>
		</dict>
		<key>1811B07E1F629C8B00099781</key>
		<dict>
			<key>children</key>
			<array>
				<string>1811B0C01F639D9600099781</string>
				<string>1811B0A81F62A9EF00099781</string>
				<string>1811B08F1F629C8B00099781</string>
				<string>1811B07F1F629C8B00099781</string>
				<string>1811B0831F629C8B00099781</string>
				<string>1811B0871F629C8B00099781</string>
				<string>1811B08B1F629C8B00099781</string>
				<string>1811B0931F629C8B00099781</string>
			</array>
			<key>isa</key>
			<string>PBXGroup</string>
			<key>path</key>
			<string>Classes</string>
			<key>sourceTree</key>
			<string>&lt;group&gt;</string>
		</dict>
		<key>1811B07F1F629C8B00099781</key>
		<dict>
			<key>children</key>
			<array>
				<string>1811B0801F629C8B00099781</string>
				<string>1811B0811F629C8B00099781</string>
				<string>1811B0821F629C8B00099781</string>
			</array>
			<key>isa</key>
			<string>PBXGroup</string>
			<key>path</key>
			<string>Essense(&#31934;&#21326;)</string>
			<key>sourceTree</key>
			<string>&lt;group&gt;</string>
		</dict>
		<key>1811B0801F629C8B00099781</key>
		<dict>
			<key>children</key>
			<array>
				<string>1811B0991F629E3900099781</string>
				<string>1811B09A1F629E3900099781</string>
			</array>
			<key>isa</key>
			<string>PBXGroup</string>
			<key>path</key>
			<string>Controller</string>
			<key>sourceTree</key>
			<string>&lt;group&gt;</string>
		</dict>
		<key>1811B0811F629C8B00099781</key>
		<dict>
			<key>children</key>
			<array/>
			<key>isa</key>
			<string>PBXGroup</string>
			<key>path</key>
			<string>Model</string>
			<key>sourceTree</key>
			<string>&lt;group&gt;</string>
		</dict>
		<key>1811B0821F629C8B00099781</key>
		<dict>
			<key>children</key>
			<array/>
			<key>isa</key>
			<string>PBXGroup</string>
			<key>path</key>
			<string>View</string>
			<key>sourceTree</key>
			<string>&lt;group&gt;</string>
		</dict>
		<key>1811B0831F629C8B00099781</key>
		<dict>
			<key>children</key>
			<array>
				<string>1811B0841F629C8B00099781</string>
				<string>1811B0851F629C8B00099781</string>
				<string>1811B0861F629C8B00099781</string>
			</array>
			<key>isa</key>
			<string>PBXGroup</string>
			<key>path</key>
			<string>FriendTrends(&#20851;&#27880;)</string>
			<key>sourceTree</key>
			<string>&lt;group&gt;</string>
		</dict>
		<key>1811B0841F629C8B00099781</key>
		<dict>
			<key>children</key>
			<array>
				<string>1811B09C1F629EAB00099781</string>
				<string>1811B09D1F629EAB00099781</string>
			</array>
			<key>isa</key>
			<string>PBXGroup</string>
			<key>path</key>
			<string>Controller</string>
			<key>sourceTree</key>
			<string>&lt;group&gt;</string>
		</dict>
		<key>1811B0851F629C8B00099781</key>
		<dict>
			<key>children</key>
			<array/>
			<key>isa</key>
			<string>PBXGroup</string>
			<key>path</key>
			<string>Model</string>
			<key>sourceTree</key>
			<string>&lt;group&gt;</string>
		</dict>
		<key>1811B0861F629C8B00099781</key>
		<dict>
			<key>children</key>
			<array/>
			<key>isa</key>
			<string>PBXGroup</string>
			<key>path</key>
			<string>View</string>
			<key>sourceTree</key>
			<string>&lt;group&gt;</string>
		</dict>
		<key>1811B0871F629C8B00099781</key>
		<dict>
			<key>children</key>
			<array>
				<string>1811B0881F629C8B00099781</string>
				<string>1811B0891F629C8B00099781</string>
				<string>1811B08A1F629C8B00099781</string>
			</array>
			<key>isa</key>
			<string>PBXGroup</string>
			<key>path</key>
			<string>Me(&#25105;)</string>
			<key>sourceTree</key>
			<string>&lt;group&gt;</string>
		</dict>
		<key>1811B0881F629C8B00099781</key>
		<dict>
			<key>children</key>
			<array>
				<string>1811B09F1F629EBA00099781</string>
				<string>1811B0A01F629EBA00099781</string>
			</array>
			<key>isa</key>
			<string>PBXGroup</string>
			<key>path</key>
			<string>Controller</string>
			<key>sourceTree</key>
			<string>&lt;group&gt;</string>
		</dict>
		<key>1811B0891F629C8B00099781</key>
		<dict>
			<key>children</key>
			<array/>
			<key>isa</key>
			<string>PBXGroup</string>
			<key>path</key>
			<string>Model</string>
			<key>sourceTree</key>
			<string>&lt;group&gt;</string>
		</dict>
		<key>1811B08A1F629C8B00099781</key>
		<dict>
			<key>children</key>
			<array/>
			<key>isa</key>
			<string>PBXGroup</string>
			<key>path</key>
			<string>View</string>
			<key>sourceTree</key>
			<string>&lt;group&gt;</string>
		</dict>
		<key>1811B08B1F629C8B00099781</key>
		<dict>
			<key>children</key>
			<array>
				<string>1811B08C1F629C8B00099781</string>
				<string>1811B08D1F629C8B00099781</string>
				<string>1811B08E1F629C8B00099781</string>
			</array>
			<key>isa</key>
			<string>PBXGroup</string>
			<key>path</key>
			<string>New(&#26032;&#24086;)</string>
			<key>sourceTree</key>
			<string>&lt;group&gt;</string>
		</dict>
		<key>1811B08C1F629C8B00099781</key>
		<dict>
			<key>children</key>
			<array>
				<string>1811B0A21F629ECB00099781</string>
				<string>1811B0A31F629ECB00099781</string>
			</array>
			<key>isa</key>
			<string>PBXGroup</string>
			<key>path</key>
			<string>Controller</string>
			<key>sourceTree</key>
			<string>&lt;group&gt;</string>
		</dict>
		<key>1811B08D1F629C8B00099781</key>
		<dict>
			<key>children</key>
			<array/>
			<key>isa</key>
			<string>PBXGroup</string>
			<key>path</key>
			<string>Model</string>
			<key>sourceTree</key>
			<string>&lt;group&gt;</string>
		</dict>
		<key>1811B08E1F629C8B00099781</key>
		<dict>
			<key>children</key>
			<array/>
			<key>isa</key>
			<string>PBXGroup</string>
			<key>path</key>
			<string>View</string>
			<key>sourceTree</key>
			<string>&lt;group&gt;</string>
		</dict>
		<key>1811B08F1F629C8B00099781</key>
		<dict>
			<key>children</key>
			<array>
				<string>1811B0AF1F62AF5000099781</string>
				<string>1811B0901F629C8B00099781</string>
				<string>1811B0911F629C8B00099781</string>
				<string>1811B0921F629C8B00099781</string>
				<string>1811B0B91F63859500099781</string>
			</array>
			<key>isa</key>
			<string>PBXGroup</string>
			<key>path</key>
			<string>Other</string>
			<key>sourceTree</key>
			<string>&lt;group&gt;</string>
		</dict>
		<key>1811B0901F629C8B00099781</key>
		<dict>
			<key>fileEncoding</key>
			<string>4</string>
			<key>isa</key>
			<string>PBXFileReference</string>
			<key>lastKnownFileType</key>
			<string>sourcecode.c.h</string>
			<key>path</key>
			<string>AppDelegate.h</string>
			<key>sourceTree</key>
			<string>&lt;group&gt;</string>
		</dict>
		<key>1811B0911F629C8B00099781</key>
		<dict>
			<key>fileEncoding</key>
			<string>4</string>
			<key>isa</key>
			<string>PBXFileReference</string>
			<key>lastKnownFileType</key>
			<string>sourcecode.c.objc</string>
			<key>path</key>
			<string>AppDelegate.m</string>
			<key>sourceTree</key>
			<string>&lt;group&gt;</string>
		</dict>
		<key>1811B0921F629C8B00099781</key>
		<dict>
			<key>fileEncoding</key>
			<string>4</string>
			<key>isa</key>
			<string>PBXFileReference</string>
			<key>lastKnownFileType</key>
			<string>sourcecode.c.objc</string>
			<key>path</key>
			<string>main.m</string>
			<key>sourceTree</key>
			<string>&lt;group&gt;</string>
		</dict>
		<key>1811B0931F629C8B00099781</key>
		<dict>
			<key>children</key>
			<array>
				<string>1811B0941F629C8B00099781</string>
				<string>1811B0951F629C8B00099781</string>
				<string>1811B0961F629C8B00099781</string>
			</array>
			<key>isa</key>
			<string>PBXGroup</string>
			<key>path</key>
			<string>Publish(&#21457;&#24067;)</string>
			<key>sourceTree</key>
			<string>&lt;group&gt;</string>
		</dict>
		<key>1811B0941F629C8B00099781</key>
		<dict>
			<key>children</key>
			<array>
				<string>1811B0A51F629ED400099781</string>
				<string>1811B0A61F629ED400099781</string>
			</array>
			<key>isa</key>
			<string>PBXGroup</string>
			<key>path</key>
			<string>Controller</string>
			<key>sourceTree</key>
			<string>&lt;group&gt;</string>
		</dict>
		<key>1811B0951F629C8B00099781</key>
		<dict>
			<key>children</key>
			<array/>
			<key>isa</key>
			<string>PBXGroup</string>
			<key>path</key>
			<string>Model</string>
			<key>sourceTree</key>
			<string>&lt;group&gt;</string>
		</dict>
		<key>1811B0961F629C8B00099781</key>
		<dict>
			<key>children</key>
			<array/>
			<key>isa</key>
			<string>PBXGroup</string>
			<key>path</key>
			<string>View</string>
			<key>sourceTree</key>
			<string>&lt;group&gt;</string>
		</dict>
		<key>1811B0971F629C8B00099781</key>
		<dict>
			<key>fileRef</key>
			<string>1811B0911F629C8B00099781</string>
			<key>isa</key>
			<string>PBXBuildFile</string>
		</dict>
		<key>1811B0981F629C8B00099781</key>
		<dict>
			<key>fileRef</key>
			<string>1811B0921F629C8B00099781</string>
			<key>isa</key>
			<string>PBXBuildFile</string>
		</dict>
		<key>1811B0991F629E3900099781</key>
		<dict>
			<key>fileEncoding</key>
			<string>4</string>
			<key>isa</key>
			<string>PBXFileReference</string>
			<key>lastKnownFileType</key>
			<string>sourcecode.c.h</string>
			<key>path</key>
			<string>EssenseViewController.h</string>
			<key>sourceTree</key>
			<string>&lt;group&gt;</string>
		</dict>
		<key>1811B09A1F629E3900099781</key>
		<dict>
			<key>fileEncoding</key>
			<string>4</string>
			<key>isa</key>
			<string>PBXFileReference</string>
			<key>lastKnownFileType</key>
			<string>sourcecode.c.objc</string>
			<key>path</key>
			<string>EssenseViewController.m</string>
			<key>sourceTree</key>
			<string>&lt;group&gt;</string>
		</dict>
		<key>1811B09B1F629E3900099781</key>
		<dict>
			<key>fileRef</key>
			<string>1811B09A1F629E3900099781</string>
			<key>isa</key>
			<string>PBXBuildFile</string>
		</dict>
		<key>1811B09C1F629EAB00099781</key>
		<dict>
			<key>fileEncoding</key>
			<string>4</string>
			<key>isa</key>
			<string>PBXFileReference</string>
			<key>lastKnownFileType</key>
			<string>sourcecode.c.h</string>
			<key>path</key>
			<string>FriendTrendsViewController.h</string>
			<key>sourceTree</key>
			<string>&lt;group&gt;</string>
		</dict>
		<key>1811B09D1F629EAB00099781</key>
		<dict>
			<key>fileEncoding</key>
			<string>4</string>
			<key>isa</key>
			<string>PBXFileReference</string>
			<key>lastKnownFileType</key>
			<string>sourcecode.c.objc</string>
			<key>path</key>
			<string>FriendTrendsViewController.m</string>
			<key>sourceTree</key>
			<string>&lt;group&gt;</string>
		</dict>
		<key>1811B09E1F629EAB00099781</key>
		<dict>
			<key>fileRef</key>
			<string>1811B09D1F629EAB00099781</string>
			<key>isa</key>
			<string>PBXBuildFile</string>
		</dict>
		<key>1811B09F1F629EBA00099781</key>
		<dict>
			<key>fileEncoding</key>
			<string>4</string>
			<key>isa</key>
			<string>PBXFileReference</string>
			<key>lastKnownFileType</key>
			<string>sourcecode.c.h</string>
			<key>path</key>
			<string>MeTableViewController.h</string>
			<key>sourceTree</key>
			<string>&lt;group&gt;</string>
		</dict>
		<key>1811B0A01F629EBA00099781</key>
		<dict>
			<key>fileEncoding</key>
			<string>4</string>
			<key>isa</key>
			<string>PBXFileReference</string>
			<key>lastKnownFileType</key>
			<string>sourcecode.c.objc</string>
			<key>path</key>
			<string>MeTableViewController.m</string>
			<key>sourceTree</key>
			<string>&lt;group&gt;</string>
		</dict>
		<key>1811B0A11F629EBA00099781</key>
		<dict>
			<key>fileRef</key>
			<string>1811B0A01F629EBA00099781</string>
			<key>isa</key>
			<string>PBXBuildFile</string>
		</dict>
		<key>1811B0A21F629ECB00099781</key>
		<dict>
			<key>fileEncoding</key>
			<string>4</string>
			<key>isa</key>
			<string>PBXFileReference</string>
			<key>lastKnownFileType</key>
			<string>sourcecode.c.h</string>
			<key>path</key>
			<string>NewViewController.h</string>
			<key>sourceTree</key>
			<string>&lt;group&gt;</string>
		</dict>
		<key>1811B0A31F629ECB00099781</key>
		<dict>
			<key>fileEncoding</key>
			<string>4</string>
			<key>isa</key>
			<string>PBXFileReference</string>
			<key>lastKnownFileType</key>
			<string>sourcecode.c.objc</string>
			<key>path</key>
			<string>NewViewController.m</string>
			<key>sourceTree</key>
			<string>&lt;group&gt;</string>
		</dict>
		<key>1811B0A41F629ECB00099781</key>
		<dict>
			<key>fileRef</key>
			<string>1811B0A31F629ECB00099781</string>
			<key>isa</key>
			<string>PBXBuildFile</string>
		</dict>
		<key>1811B0A51F629ED400099781</key>
		<dict>
			<key>fileEncoding</key>
			<string>4</string>
			<key>isa</key>
			<string>PBXFileReference</string>
			<key>lastKnownFileType</key>
			<string>sourcecode.c.h</string>
			<key>path</key>
			<string>PublishViewController.h</string>
			<key>sourceTree</key>
			<string>&lt;group&gt;</string>
		</dict>
		<key>1811B0A61F629ED400099781</key>
		<dict>
			<key>fileEncoding</key>
			<string>4</string>
			<key>isa</key>
			<string>PBXFileReference</string>
			<key>lastKnownFileType</key>
			<string>sourcecode.c.objc</string>
			<key>path</key>
			<string>PublishViewController.m</string>
			<key>sourceTree</key>
			<string>&lt;group&gt;</string>
		</dict>
		<key>1811B0A71F629ED400099781</key>
		<dict>
			<key>fileRef</key>
			<string>1811B0A61F629ED400099781</string>
			<key>isa</key>
			<string>PBXBuildFile</string>
		</dict>
		<key>1811B0A81F62A9EF00099781</key>
		<dict>
			<key>children</key>
			<array>
				<string>1811B0A91F62A9EF00099781</string>
				<string>1811B0AA1F62A9EF00099781</string>
				<string>1811B0AB1F62A9EF00099781</string>
			</array>
			<key>isa</key>
			<string>PBXGroup</string>
			<key>path</key>
			<string>Main(&#20027;&#35201;)</string>
			<key>sourceTree</key>
			<string>&lt;group&gt;</string>
		</dict>
		<key>1811B0A91F62A9EF00099781</key>
		<dict>
			<key>children</key>
			<array>
				<string>1811B0AC1F62AA4700099781</string>
				<string>1811B0AD1F62AA4700099781</string>
				<string>1811B0BD1F639B0000099781</string>
				<string>1811B0BE1F639B0000099781</string>
			</array>
			<key>isa</key>
			<string>PBXGroup</string>
			<key>path</key>
			<string>Controller</string>
			<key>sourceTree</key>
			<string>&lt;group&gt;</string>
		</dict>
		<key>1811B0AA1F62A9EF00099781</key>
		<dict>
			<key>children</key>
			<array/>
			<key>isa</key>
			<string>PBXGroup</string>
			<key>path</key>
			<string>Model</string>
			<key>sourceTree</key>
			<string>&lt;group&gt;</string>
		</dict>
		<key>1811B0AB1F62A9EF00099781</key>
		<dict>
			<key>children</key>
			<array>
				<string>1811B0B31F62E00800099781</string>
				<string>1811B0B41F62E00800099781</string>
			</array>
			<key>isa</key>
			<string>PBXGroup</string>
			<key>path</key>
			<string>View</string>
			<key>sourceTree</key>
			<string>&lt;group&gt;</string>
		</dict>
		<key>1811B0AC1F62AA4700099781</key>
		<dict>
			<key>fileEncoding</key>
			<string>4</string>
			<key>isa</key>
			<string>PBXFileReference</string>
			<key>lastKnownFileType</key>
			<string>sourcecode.c.h</string>
			<key>path</key>
			<string>TabBarController.h</string>
			<key>sourceTree</key>
			<string>&lt;group&gt;</string>
		</dict>
		<key>1811B0AD1F62AA4700099781</key>
		<dict>
			<key>fileEncoding</key>
			<string>4</string>
			<key>isa</key>
			<string>PBXFileReference</string>
			<key>lastKnownFileType</key>
			<string>sourcecode.c.objc</string>
			<key>path</key>
			<string>TabBarController.m</string>
			<key>sourceTree</key>
			<string>&lt;group&gt;</string>
		</dict>
		<key>1811B0AE1F62AA4700099781</key>
		<dict>
			<key>fileRef</key>
			<string>1811B0AD1F62AA4700099781</string>
			<key>isa</key>
			<string>PBXBuildFile</string>
		</dict>
		<key>1811B0AF1F62AF5000099781</key>
		<dict>
			<key>children</key>
			<array>
				<string>1811B0B01F62AF5E00099781</string>
				<string>1811B0B11F62AF5E00099781</string>
				<string>1811B0B61F6381F600099781</string>
				<string>1811B0B71F6381F600099781</string>
				<string>1811B0BA1F63936800099781</string>
				<string>1811B0BB1F63936800099781</string>
			</array>
			<key>isa</key>
			<string>PBXGroup</string>
			<key>path</key>
			<string>Category</string>
			<key>sourceTree</key>
			<string>&lt;group&gt;</string>
		</dict>
		<key>1811B0B01F62AF5E00099781</key>
		<dict>
			<key>fileEncoding</key>
			<string>4</string>
			<key>isa</key>
			<string>PBXFileReference</string>
			<key>lastKnownFileType</key>
			<string>sourcecode.c.h</string>
			<key>path</key>
			<string>UIImage+Image.h</string>
			<key>sourceTree</key>
			<string>&lt;group&gt;</string>
		</dict>
		<key>1811B0B11F62AF5E00099781</key>
		<dict>
			<key>fileEncoding</key>
			<string>4</string>
			<key>isa</key>
			<string>PBXFileReference</string>
			<key>lastKnownFileType</key>
			<string>sourcecode.c.objc</string>
			<key>path</key>
			<string>UIImage+Image.m</string>
			<key>sourceTree</key>
			<string>&lt;group&gt;</string>
		</dict>
		<key>1811B0B21F62AF5E00099781</key>
		<dict>
			<key>fileRef</key>
			<string>1811B0B11F62AF5E00099781</string>
			<key>isa</key>
			<string>PBXBuildFile</string>
		</dict>
		<key>1811B0B31F62E00800099781</key>
		<dict>
			<key>fileEncoding</key>
			<string>4</string>
			<key>isa</key>
			<string>PBXFileReference</string>
			<key>lastKnownFileType</key>
			<string>sourcecode.c.h</string>
			<key>path</key>
			<string>TabBar.h</string>
			<key>sourceTree</key>
			<string>&lt;group&gt;</string>
		</dict>
		<key>1811B0B41F62E00800099781</key>
		<dict>
			<key>fileEncoding</key>
			<string>4</string>
			<key>isa</key>
			<string>PBXFileReference</string>
			<key>lastKnownFileType</key>
			<string>sourcecode.c.objc</string>
			<key>path</key>
			<string>TabBar.m</string>
			<key>sourceTree</key>
			<string>&lt;group&gt;</string>
		</dict>
		<key>1811B0B51F62E00800099781</key>
		<dict>
			<key>fileRef</key>
			<string>1811B0B41F62E00800099781</string>
			<key>isa</key>
			<string>PBXBuildFile</string>
		</dict>
		<key>1811B0B61F6381F600099781</key>
		<dict>
			<key>fileEncoding</key>
			<string>4</string>
			<key>isa</key>
			<string>PBXFileReference</string>
			<key>lastKnownFileType</key>
			<string>sourcecode.c.h</string>
			<key>path</key>
			<string>UIView+Frame.h</string>
			<key>sourceTree</key>
			<string>&lt;group&gt;</string>
		</dict>
		<key>1811B0B71F6381F600099781</key>
		<dict>
			<key>fileEncoding</key>
			<string>4</string>
			<key>isa</key>
			<string>PBXFileReference</string>
			<key>lastKnownFileType</key>
			<string>sourcecode.c.objc</string>
			<key>path</key>
			<string>UIView+Frame.m</string>
			<key>sourceTree</key>
			<string>&lt;group&gt;</string>
		</dict>
		<key>1811B0B81F6381F600099781</key>
		<dict>
			<key>fileRef</key>
			<string>1811B0B71F6381F600099781</string>
			<key>isa</key>
			<string>PBXBuildFile</string>
		</dict>
		<key>1811B0B91F63859500099781</key>
		<dict>
			<key>fileEncoding</key>
			<string>4</string>
			<key>isa</key>
			<string>PBXFileReference</string>
			<key>lastKnownFileType</key>
			<string>sourcecode.c.h</string>
			<key>path</key>
			<string>BaiSiBuDeJie.pch</string>
			<key>sourceTree</key>
			<string>&lt;group&gt;</string>
		</dict>
		<key>1811B0BA1F63936800099781</key>
		<dict>
			<key>fileEncoding</key>
			<string>4</string>
			<key>isa</key>
			<string>PBXFileReference</string>
			<key>lastKnownFileType</key>
			<string>sourcecode.c.h</string>
			<key>path</key>
			<string>UIBarButtonItem+Item.h</string>
			<key>sourceTree</key>
			<string>&lt;group&gt;</string>
		</dict>
		<key>1811B0BB1F63936800099781</key>
		<dict>
			<key>fileEncoding</key>
			<string>4</string>
			<key>isa</key>
			<string>PBXFileReference</string>
			<key>lastKnownFileType</key>
			<string>sourcecode.c.objc</string>
			<key>path</key>
			<string>UIBarButtonItem+Item.m</string>
			<key>sourceTree</key>
			<string>&lt;group&gt;</string>
		</dict>
		<key>1811B0BC1F63936800099781</key>
		<dict>
			<key>fileRef</key>
			<string>1811B0BB1F63936800099781</string>
			<key>isa</key>
			<string>PBXBuildFile</string>
		</dict>
		<key>1811B0BD1F639B0000099781</key>
		<dict>
			<key>fileEncoding</key>
			<string>4</string>
			<key>isa</key>
			<string>PBXFileReference</string>
			<key>lastKnownFileType</key>
			<string>sourcecode.c.h</string>
			<key>path</key>
			<string>WYNavigationController.h</string>
			<key>sourceTree</key>
			<string>&lt;group&gt;</string>
		</dict>
		<key>1811B0BE1F639B0000099781</key>
		<dict>
			<key>fileEncoding</key>
			<string>4</string>
			<key>isa</key>
			<string>PBXFileReference</string>
			<key>lastKnownFileType</key>
			<string>sourcecode.c.objc</string>
			<key>path</key>
			<string>WYNavigationController.m</string>
			<key>sourceTree</key>
			<string>&lt;group&gt;</string>
		</dict>
		<key>1811B0BF1F639B0000099781</key>
		<dict>
			<key>fileRef</key>
			<string>1811B0BE1F639B0000099781</string>
			<key>isa</key>
			<string>PBXBuildFile</string>
		</dict>
		<key>1811B0C01F639D9600099781</key>
		<dict>
			<key>children</key>
			<array>
				<string>1811B0C11F639D9600099781</string>
				<string>1811B0C21F639D9600099781</string>
				<string>1811B0C31F639D9600099781</string>
			</array>
			<key>isa</key>
			<string>PBXGroup</string>
			<key>path</key>
			<string>Setting(&#35774;&#32622;)</string>
			<key>sourceTree</key>
			<string>&lt;group&gt;</string>
		</dict>
		<key>1811B0C11F639D9600099781</key>
		<dict>
			<key>children</key>
			<array>
				<string>1811B0C41F639DAA00099781</string>
				<string>1811B0C51F639DAA00099781</string>
			</array>
			<key>isa</key>
			<string>PBXGroup</string>
			<key>path</key>
			<string>Controller</string>
			<key>sourceTree</key>
			<string>&lt;group&gt;</string>
		</dict>
		<key>1811B0C21F639D9600099781</key>
		<dict>
			<key>children</key>
			<array/>
			<key>isa</key>
			<string>PBXGroup</string>
			<key>path</key>
			<string>Model</string>
			<key>sourceTree</key>
			<string>&lt;group&gt;</string>
		</dict>
		<key>1811B0C31F639D9600099781</key>
		<dict>
			<key>children</key>
			<array/>
			<key>isa</key>
			<string>PBXGroup</string>
			<key>path</key>
			<string>View</string>
			<key>sourceTree</key>
			<string>&lt;group&gt;</string>
		</dict>
		<key>1811B0C41F639DAA00099781</key>
		<dict>
			<key>fileEncoding</key>
			<string>4</string>
			<key>isa</key>
			<string>PBXFileReference</string>
			<key>lastKnownFileType</key>
			<string>sourcecode.c.h</string>
			<key>path</key>
			<string>SettingTableViewController.h</string>
			<key>sourceTree</key>
			<string>&lt;group&gt;</string>
		</dict>
		<key>1811B0C51F639DAA00099781</key>
		<dict>
			<key>fileEncoding</key>
			<string>4</string>
			<key>isa</key>
			<string>PBXFileReference</string>
			<key>lastKnownFileType</key>
			<string>sourcecode.c.objc</string>
			<key>path</key>
			<string>SettingTableViewController.m</string>
			<key>sourceTree</key>
			<string>&lt;group&gt;</string>
		</dict>
		<key>1811B0C61F639DAA00099781</key>
		<dict>
			<key>fileRef</key>
			<string>1811B0C51F639DAA00099781</string>
			<key>isa</key>
			<string>PBXBuildFile</string>
		</dict>
		<key>430479E7479C81A58555B83F</key>
		<dict>
			<key>buildActionMask</key>
			<string>2147483647</string>
			<key>files</key>
			<array/>
			<key>inputPaths</key>
			<array/>
			<key>isa</key>
			<string>PBXShellScriptBuildPhase</string>
			<key>name</key>
			<string>&#128230; Check Pods Manifest.lock</string>
			<key>outputPaths</key>
			<array/>
			<key>runOnlyForDeploymentPostprocessing</key>
			<string>0</string>
			<key>shellPath</key>
			<string>/bin/sh</string>
			<key>shellScript</key>
			<string>diff "${PODS_ROOT}/../Podfile.lock" "${PODS_ROOT}/Manifest.lock" &gt; /dev/null
if [[ $? != 0 ]] ; then
    cat &lt;&lt; EOM
error: The sandbox is not in sync with the Podfile.lock. Run 'pod install' or update your CocoaPods installation.
EOM
    exit 1
fi
</string>
			<key>showEnvVarsInLog</key>
			<string>0</string>
		</dict>
		<key>5A47027BA3CCE790F386CCBE</key>
		<dict>
			<key>includeInIndex</key>
			<string>1</string>
			<key>isa</key>
			<string>PBXFileReference</string>
			<key>lastKnownFileType</key>
			<string>text.xcconfig</string>
			<key>name</key>
			<string>Pods-BaiSiBuDeJie_Imitate.release.xcconfig</string>
			<key>path</key>
			<string>Pods/Target Support Files/Pods-BaiSiBuDeJie_Imitate/Pods-BaiSiBuDeJie_Imitate.release.xcconfig</string>
			<key>sourceTree</key>
			<string>&lt;group&gt;</string>
		</dict>
		<key>771BD41971F5386C0DA1EB61</key>
		<dict>
			<key>children</key>
			<array>
				<string>B6598B2D6145D0C71708AD61</string>
				<string>5A47027BA3CCE790F386CCBE</string>
			</array>
			<key>isa</key>
			<string>PBXGroup</string>
			<key>name</key>
			<string>Pods</string>
			<key>sourceTree</key>
			<string>&lt;group&gt;</string>
		</dict>
		<key>7EAF7E9736D250DFD7FC55D9</key>
		<dict>
			<key>buildActionMask</key>
			<string>2147483647</string>
			<key>files</key>
			<array/>
			<key>inputPaths</key>
			<array/>
			<key>isa</key>
			<string>PBXShellScriptBuildPhase</string>
			<key>name</key>
			<string>&#128230; Copy Pods Resources</string>
			<key>outputPaths</key>
			<array/>
			<key>runOnlyForDeploymentPostprocessing</key>
			<string>0</string>
			<key>shellPath</key>
			<string>/bin/sh</string>
			<key>shellScript</key>
			<string>"${SRCROOT}/Pods/Target Support Files/Pods-BaiSiBuDeJie_Imitate/Pods-BaiSiBuDeJie_Imitate-resources.sh"
</string>
			<key>showEnvVarsInLog</key>
			<string>0</string>
		</dict>
		<key>9310292C6789B9141A5947B0</key>
		<dict>
			<key>explicitFileType</key>
			<string>wrapper.framework</string>
			<key>includeInIndex</key>
			<string>0</string>
			<key>isa</key>
			<string>PBXFileReference</string>
			<key>path</key>
			<string>Pods_BaiSiBuDeJie_Imitate.framework</string>
			<key>sourceTree</key>
			<string>BUILT_PRODUCTS_DIR</string>
		</dict>
		<key>B1C844C2A644A030300896A1</key>
		<dict>
			<key>children</key>
			<array>
				<string>9310292C6789B9141A5947B0</string>
			</array>
			<key>isa</key>
			<string>PBXGroup</string>
			<key>name</key>
			<string>Frameworks</string>
			<key>sourceTree</key>
			<string>&lt;group&gt;</string>
		</dict>
		<key>B6598B2D6145D0C71708AD61</key>
		<dict>
			<key>includeInIndex</key>
			<string>1</string>
			<key>isa</key>
			<string>PBXFileReference</string>
			<key>lastKnownFileType</key>
			<string>text.xcconfig</string>
			<key>name</key>
			<string>Pods-BaiSiBuDeJie_Imitate.debug.xcconfig</string>
			<key>path</key>
			<string>Pods/Target Support Files/Pods-BaiSiBuDeJie_Imitate/Pods-BaiSiBuDeJie_Imitate.debug.xcconfig</string>
			<key>sourceTree</key>
			<string>&lt;group&gt;</string>
		</dict>
		<key>C424A458B279E322ABF42C43</key>
		<dict>
			<key>fileRef</key>
			<string>9310292C6789B9141A5947B0</string>
			<key>isa</key>
			<string>PBXBuildFile</string>
		</dict>
	</dict>
	<key>rootObject</key>
	<string>1811B05C1F628ACC00099781</string>
</dict>
</plist>
